// !$*UTF8*$!
{
	archiveVersion = 1;
	classes = {
	};
	objectVersion = 77;
	objects = {

/* Begin PBXBuildFile section */
		06244CC7FE9451C6DA719388 /* BagPhoto.swift in Sources */ = {isa = PBXBuildFile; fileRef = DDBA6EAA187C6199B9CB6E07 /* BagPhoto.swift */; };
		06CC2A1B9CF836CDC54430F1 /* GrabCollectionScreen.swift in Sources */ = {isa = PBXBuildFile; fileRef = F82D64736DCAA09F967D279E /* GrabCollectionScreen.swift */; };
		09A4001328DA54940464A34D /* ThingsTable.swift in Sources */ = {isa = PBXBuildFile; fileRef = 7B24F2617CC7D137784F66F2 /* ThingsTable.swift */; };
		09F3E0420C97A7ACAD957284 /* ReviewScreen.swift in Sources */ = {isa = PBXBuildFile; fileRef = 84D38B8F1FFBA5FF61854300 /* ReviewScreen.swift */; };
		0A6B0C9DBEE6264A11D02837 /* ListsScreen.swift in Sources */ = {isa = PBXBuildFile; fileRef = 258F81799F958E5C5EF112C5 /* ListsScreen.swift */; };
		0C6CADF139B1A87388BE3DD4 /* BagsScreen.swift in Sources */ = {isa = PBXBuildFile; fileRef = 4EB48F2667254D2AD3862586 /* BagsScreen.swift */; };
		0F41CCC6A6FA838132BAE3F9 /* Today.swift in Sources */ = {isa = PBXBuildFile; fileRef = 35352F3BD8D2A7EE166961C9 /* Today.swift */; };
		18BBB6F1544022B6A9540909 /* Pockets.swift in Sources */ = {isa = PBXBuildFile; fileRef = DF6A7521CAF9F486A9847AB2 /* Pockets.swift */; };
		192F5DC225468F6FC0E7E870 /* ThingKitPart.swift in Sources */ = {isa = PBXBuildFile; fileRef = A807991F4D3D37B8ECD7F29C /* ThingKitPart.swift */; };
		1A3A1067D5D9FB7754573E80 /* VoicePanel.swift in Sources */ = {isa = PBXBuildFile; fileRef = 50CD73DFBC2243DAE7B30588 /* VoicePanel.swift */; };
		1A611EFAD56B0A1A1AF93E20 /* BagCabin.swift in Sources */ = {isa = PBXBuildFile; fileRef = 95CE795CC801DFFE3FD39642 /* BagCabin.swift */; };
		1F41F6F92A8B0D398E72CD7C /* ThingsScreen.swift in Sources */ = {isa = PBXBuildFile; fileRef = ED9B041225333263C7547689 /* ThingsScreen.swift */; };
		21419C900E931B9CBE73B314 /* BuyList.swift in Sources */ = {isa = PBXBuildFile; fileRef = C63D25C9AA00E03651D86114 /* BuyList.swift */; };
		23460B987C576F673AE6DA2A /* GrabScreen.swift in Sources */ = {isa = PBXBuildFile; fileRef = 1E01A9E0DEC947610C0F642D /* GrabScreen.swift */; };
		2E4E6528354833C443D3DDC4 /* PlaceScreen.swift in Sources */ = {isa = PBXBuildFile; fileRef = EDA67771DAAE27E418C53DDE /* PlaceScreen.swift */; };
		2FAA29D4DFFCB38CA02C2EDB /* Buttons.swift in Sources */ = {isa = PBXBuildFile; fileRef = 2523F591EFB11AFB55FEFF2D /* Buttons.swift */; };
		3258A7D9609579F193DF2505 /* DateRangePicker.swift in Sources */ = {isa = PBXBuildFile; fileRef = 200B88877006E1F006B96632 /* DateRangePicker.swift */; };
		38D87FC50351C1AC76DA3DE1 /* Shortcuts.swift in Sources */ = {isa = PBXBuildFile; fileRef = 76F661D8CCF1AD5B6AE65475 /* Shortcuts.swift */; };
		39B68C038BC2CAA6DB6207D6 /* WhereIsIntent.swift in Sources */ = {isa = PBXBuildFile; fileRef = 84A8F1D2ED5D5358B98D4BE9 /* WhereIsIntent.swift */; };
		39B87583182066477449515D /* GuideScreen.swift in Sources */ = {isa = PBXBuildFile; fileRef = CBD18490EE2F12EF48CF3599 /* GuideScreen.swift */; };
		3B34615E704B984738565FC3 /* Share.swift in Sources */ = {isa = PBXBuildFile; fileRef = C79C38939D0655EEE452D769 /* Share.swift */; };
		3F92FF6665ADB7BD4437005C /* Vault.swift in Sources */ = {isa = PBXBuildFile; fileRef = F99A5CDDEE7077CDDBCB185D /* Vault.swift */; };
		3FC3ACFD520FB3DB0B17F719 /* VaultCard.swift in Sources */ = {isa = PBXBuildFile; fileRef = D588E84D41CE3E84D62CA76F /* VaultCard.swift */; };
		467EBA0027C10637FEA9E9B8 /* AMSPackingUITests.swift in Sources */ = {isa = PBXBuildFile; fileRef = 1E85BCAD34C27EEF9C85A644 /* AMSPackingUITests.swift */; };
		4AD76B6494FA68210153D99C /* DropDown.swift in Sources */ = {isa = PBXBuildFile; fileRef = 1750ABC86D97A97B07370949 /* DropDown.swift */; };
		4D8BC6C9156CCE2B2D8024DA /* FirstRunView.swift in Sources */ = {isa = PBXBuildFile; fileRef = D92F0E3A8310A4DC718C68EB /* FirstRunView.swift */; };
		4F3FD7E1E457A44E56AB6E19 /* Headings.swift in Sources */ = {isa = PBXBuildFile; fileRef = 8DCA03D292255B391659C37C /* Headings.swift */; };
		5547A0181FA977E7AFEB037F /* SVGPath.swift in Sources */ = {isa = PBXBuildFile; fileRef = AF39781FD9E90DDA3B6B2E30 /* SVGPath.swift */; };
		55A2BB9EF7E8AA1F601802AC /* TripChecks.swift in Sources */ = {isa = PBXBuildFile; fileRef = AC9F694B5D78B16B402CD363 /* TripChecks.swift */; };
		5856BAC0D9BF67F1B2E6780E /* AppleHealth.swift in Sources */ = {isa = PBXBuildFile; fileRef = E28540B3BBCD50AB31F2DF8D /* AppleHealth.swift */; };
		5BB780225F4AD5294A389DF4 /* GrabMenu.swift in Sources */ = {isa = PBXBuildFile; fileRef = CA098293FBB7AB47DA81148E /* GrabMenu.swift */; };
		622AD0B67DC095DE2E934855 /* Forecast.swift in Sources */ = {isa = PBXBuildFile; fileRef = 09CEA44FC29BD0EB0658E8C9 /* Forecast.swift */; };
		65370F8A541FE81A854B9DB4 /* AMSPackingApp.swift in Sources */ = {isa = PBXBuildFile; fileRef = 534AF493408BF588BA9222FF /* AMSPackingApp.swift */; };
		6A2E2EBA4741768E52BD87B0 /* HomeScreen.swift in Sources */ = {isa = PBXBuildFile; fileRef = 403A4735005582B356D67F55 /* HomeScreen.swift */; };
		6A4E3AE89B7E1FF756858C13 /* PackingCore in Frameworks */ = {isa = PBXBuildFile; productRef = 70431786B7003CDABC1162E4 /* PackingCore */; };
		7489E41014894218A0EC730E /* Assets.xcassets in Resources */ = {isa = PBXBuildFile; fileRef = 1184D7CD5CC4D6E0ED18EEFE /* Assets.xcassets */; };
		7648E9F0DD765234D9AE2C89 /* Reminders.swift in Sources */ = {isa = PBXBuildFile; fileRef = 3BF15EE34C5EEF1623E0B8B2 /* Reminders.swift */; };
		80E3669131BEA0D1C726A660 /* Releases.swift in Sources */ = {isa = PBXBuildFile; fileRef = 2F6B09947C62AF9C62758EFD /* Releases.swift */; };
		811DE93961FA9F60010FF93D /* WeatherCard.swift in Sources */ = {isa = PBXBuildFile; fileRef = 2C47276F0BCDA224A5AD23B1 /* WeatherCard.swift */; };
		852DE35543B8B6DE3F014ABA /* VoiceIO.swift in Sources */ = {isa = PBXBuildFile; fileRef = A751E258BF8E1D5C8C0CF952 /* VoiceIO.swift */; };
		859FFD3EC946926E2C26D3BC /* VoiceStarts.swift in Sources */ = {isa = PBXBuildFile; fileRef = 9303A9912D1C193EBFA773D8 /* VoiceStarts.swift */; };
		8BFE6DA316436719B57AA594 /* RestoreSheet.swift in Sources */ = {isa = PBXBuildFile; fileRef = 34879BF77676913C07B69267 /* RestoreSheet.swift */; };
		8E1AF01FB9C11A59C8A57753 /* EventsScreen.swift in Sources */ = {isa = PBXBuildFile; fileRef = 77CEDA06EFED05D4A1612077 /* EventsScreen.swift */; };
		92BFCF1AF636841A4A4B1D51 /* ReviewHealth.swift in Sources */ = {isa = PBXBuildFile; fileRef = 4023CCF833EE4F1EA60FEE23 /* ReviewHealth.swift */; };
		993DD5931C9E6CDCDB4605AF /* ThingKeys.swift in Sources */ = {isa = PBXBuildFile; fileRef = A1A727717D19724FB903E1AA /* ThingKeys.swift */; };
		9BFB05A44F3E340F64D53C3E /* Countdown.swift in Sources */ = {isa = PBXBuildFile; fileRef = BA8E667C951BD91655405B94 /* Countdown.swift */; };
		9EE318CF900961BD87E38068 /* TripKitLine.swift in Sources */ = {isa = PBXBuildFile; fileRef = 395725EE98C38DC3A86648AF /* TripKitLine.swift */; };
		A01FA7467EDE858441462FED /* DoorChecks.swift in Sources */ = {isa = PBXBuildFile; fileRef = 39A697D32B44D323BED24711 /* DoorChecks.swift */; };
		A209E8431750B053EF5BF0C0 /* TableColumns.swift in Sources */ = {isa = PBXBuildFile; fileRef = 5844FD1A40A106FF0878B093 /* TableColumns.swift */; };
		A2EF7B9D15A856E17FB773D8 /* TemplateIcons.swift in Sources */ = {isa = PBXBuildFile; fileRef = CE240BD38035471259419B81 /* TemplateIcons.swift */; };
		A91364AA45735D8C67B4059B /* SmallDelete.swift in Sources */ = {isa = PBXBuildFile; fileRef = 6C33289BF160D459176D7669 /* SmallDelete.swift */; };
		A95973A9F2025DB491456F72 /* Laundry.swift in Sources */ = {isa = PBXBuildFile; fileRef = F4B594AF144EDDECFF9CF7B3 /* Laundry.swift */; };
		A990ED272C2ED09E248E10CA /* TemplatesScreen.swift in Sources */ = {isa = PBXBuildFile; fileRef = 0AC47170406600EB5ADFCE37 /* TemplatesScreen.swift */; };
		ADB8FA04EBE1134791655CCD /* TableFilterSort.swift in Sources */ = {isa = PBXBuildFile; fileRef = 4F6491A9AB1E25EAC20F46EB /* TableFilterSort.swift */; };
		AEC09A016E6CEAD021B5D4C6 /* SearchScreen.swift in Sources */ = {isa = PBXBuildFile; fileRef = F1CE8693CFF4B56DD044E844 /* SearchScreen.swift */; };
		AF85EC370F9D809E983BE0AF /* ActionsScreen.swift in Sources */ = {isa = PBXBuildFile; fileRef = 9C42481A42DC3DDDDD9E3093 /* ActionsScreen.swift */; };
		B0146791FB8C81B41DD6DBFE /* TripScreen.swift in Sources */ = {isa = PBXBuildFile; fileRef = 878AF15AECFDDAD02F227DDD /* TripScreen.swift */; };
		B1070E8FEA2D20959B29BA24 /* LibraryModel.swift in Sources */ = {isa = PBXBuildFile; fileRef = E85262A8D75E3FFA9A6E252A /* LibraryModel.swift */; };
		B12DB1EFB4C1873E0CF2716B /* SettingsScreen.swift in Sources */ = {isa = PBXBuildFile; fileRef = 3A74DCE749078F203A8E87BF /* SettingsScreen.swift */; };
		B7EFE44328F09E5EB47E6485 /* ScreenHeader.swift in Sources */ = {isa = PBXBuildFile; fileRef = 55FAAC5753777A7E40ED20AA /* ScreenHeader.swift */; };
		B91D523B507CE19FCAC1D86B /* CloudStore.swift in Sources */ = {isa = PBXBuildFile; fileRef = A841D9340C8D1312A6814431 /* CloudStore.swift */; };
		BF087815D061CD62456DEDDC /* CareScreen.swift in Sources */ = {isa = PBXBuildFile; fileRef = 56F5604CA6875D255BD93251 /* CareScreen.swift */; };
		C02FC3669DC004D8B6C4BBC7 /* BulkChange.swift in Sources */ = {isa = PBXBuildFile; fileRef = 1E0A839566CDE77B068F47C5 /* BulkChange.swift */; };
		C4BFCE654B0D6E38EFE8E24F /* Words.swift in Sources */ = {isa = PBXBuildFile; fileRef = 5A986BF2DF0FA5E39E42559C /* Words.swift */; };
		C6FE9965A251DF28F495E8BF /* VoiceWalker.swift in Sources */ = {isa = PBXBuildFile; fileRef = 18C6CB980A090E605DD6CC2D /* VoiceWalker.swift */; };
		C71A0323F1D4E4CFC1A8B0F2 /* CareCalendarView.swift in Sources */ = {isa = PBXBuildFile; fileRef = DAA70675722BC29FD43EA3BE /* CareCalendarView.swift */; };
		C92C70F13CEE0569A0E0B014 /* ShopReminders.swift in Sources */ = {isa = PBXBuildFile; fileRef = 029AD64D1791D9D681EA7DDF /* ShopReminders.swift */; };
		C975EB375CF35E51BCE753A4 /* SampleLibrary.swift in Sources */ = {isa = PBXBuildFile; fileRef = 47B0D4E3ECA5F83EFE0C91C0 /* SampleLibrary.swift */; };
		CB68D90AEA6B080067EE8BCB /* NewList.swift in Sources */ = {isa = PBXBuildFile; fileRef = 2C5987DFEB47FC294A078D4D /* NewList.swift */; };
		D0D4A2EA2FA240B7D980E71C /* KitDashboard.swift in Sources */ = {isa = PBXBuildFile; fileRef = 112E88E5E56E46CAA3F002CE /* KitDashboard.swift */; };
		D105E6CC01A99CC0BE25F875 /* Loop.swift in Sources */ = {isa = PBXBuildFile; fileRef = AA08386166D3DBA4C2883F24 /* Loop.swift */; };
		D38D93BD69C32C56A8997D07 /* TripSettings.swift in Sources */ = {isa = PBXBuildFile; fileRef = CD0CC9973692AB2A31CFC2DE /* TripSettings.swift */; };
		D4F50ECCC88F8FE89A931EFC /* BagsCard.swift in Sources */ = {isa = PBXBuildFile; fileRef = C41F92CE24B4D203B69B5870 /* BagsCard.swift */; };
		D509F70319744E67DEBE955A /* RescueCopies.swift in Sources */ = {isa = PBXBuildFile; fileRef = F7D04BC7E8B4F98109CE6770 /* RescueCopies.swift */; };
		D5D12FDA2CC5B6443B769608 /* PackingLibrary in Frameworks */ = {isa = PBXBuildFile; productRef = 00FE6A96F5083A4802B251C6 /* PackingLibrary */; };
		D8BFC0A9124CC984A49C398B /* WayHomeScreen.swift in Sources */ = {isa = PBXBuildFile; fileRef = 38F244475495E5E17D2F7126 /* WayHomeScreen.swift */; };
		DAD37A1F2CA15C56CC068B58 /* RefineScreen.swift in Sources */ = {isa = PBXBuildFile; fileRef = 6CC01537D593379C8EF1B84F /* RefineScreen.swift */; };
		DAE1DC1E5B87843793C1371E /* WorldMap.swift in Sources */ = {isa = PBXBuildFile; fileRef = 5D88FA9EA0BC448F857072B9 /* WorldMap.swift */; };
		DE244FF0F4F0D12DF0F82CF0 /* RemindersSend.swift in Sources */ = {isa = PBXBuildFile; fileRef = 4926F40EBD71822EA9165684 /* RemindersSend.swift */; };
		E0C4AB7AAF3294C75C4B5204 /* Theme.swift in Sources */ = {isa = PBXBuildFile; fileRef = E8B838F35360E8BDAF890124 /* Theme.swift */; };
		E23BC02087734333AE740F0A /* DeviceVoice.swift in Sources */ = {isa = PBXBuildFile; fileRef = AA55DD1C69CF406AC89958E8 /* DeviceVoice.swift */; };
		E2B76A8A26AB8A0D50EEA5C3 /* PickThings.swift in Sources */ = {isa = PBXBuildFile; fileRef = 01F66AF282FB2C3C22DC9F76 /* PickThings.swift */; };
		E726D1AAD07CB69C1F102F6A /* RootView.swift in Sources */ = {isa = PBXBuildFile; fileRef = BA49BA1121FBB7576FC62E32 /* RootView.swift */; };
		E942A15DD0530D3181AEBD4C /* OnSiteScreen.swift in Sources */ = {isa = PBXBuildFile; fileRef = 44D18DE1235701F7E07558F6 /* OnSiteScreen.swift */; };
		EB766063382A7E2DADC60C89 /* Sections.swift in Sources */ = {isa = PBXBuildFile; fileRef = A78A30067C884BCEB042959A /* Sections.swift */; };
		EC8EF7A9BC050820AED9344A /* TemplateReminders.swift in Sources */ = {isa = PBXBuildFile; fileRef = 26111B23DAEE70145F81696C /* TemplateReminders.swift */; };
		ED1AD4573764AA2A6FA0350D /* TickAll.swift in Sources */ = {isa = PBXBuildFile; fileRef = 7B024F8A00820DD9D55E10D0 /* TickAll.swift */; };
		F547B210B31D99C35F89FC3E /* BagDetail.swift in Sources */ = {isa = PBXBuildFile; fileRef = B81D1DC40B7BE148110F1C91 /* BagDetail.swift */; };
		FBC13904D9EB455D6F6AEDE9 /* SyncCard.swift in Sources */ = {isa = PBXBuildFile; fileRef = DBCE6F6679B4724E0039268E /* SyncCard.swift */; };
/* End PBXBuildFile section */

/* Begin PBXContainerItemProxy section */
		2613322954AD820AEFAAD8BC /* PBXContainerItemProxy */ = {
			isa = PBXContainerItemProxy;
			containerPortal = 4110523AB54047158FA9D176 /* Project object */;
			proxyType = 1;
			remoteGlobalIDString = 00D51DE0F2CEE7EC696DDA7A;
			remoteInfo = AMSPacking;
		};
/* End PBXContainerItemProxy section */

/* Begin PBXFileReference section */
		01F66AF282FB2C3C22DC9F76 /* PickThings.swift */ = {isa = PBXFileReference; lastKnownFileType = sourcecode.swift; path = PickThings.swift; sourceTree = "<group>"; };
		029AD64D1791D9D681EA7DDF /* ShopReminders.swift */ = {isa = PBXFileReference; lastKnownFileType = sourcecode.swift; path = ShopReminders.swift; sourceTree = "<group>"; };
		09CEA44FC29BD0EB0658E8C9 /* Forecast.swift */ = {isa = PBXFileReference; lastKnownFileType = sourcecode.swift; path = Forecast.swift; sourceTree = "<group>"; };
		0AC47170406600EB5ADFCE37 /* TemplatesScreen.swift */ = {isa = PBXFileReference; lastKnownFileType = sourcecode.swift; path = TemplatesScreen.swift; sourceTree = "<group>"; };
		112E88E5E56E46CAA3F002CE /* KitDashboard.swift */ = {isa = PBXFileReference; lastKnownFileType = sourcecode.swift; path = KitDashboard.swift; sourceTree = "<group>"; };
		1184D7CD5CC4D6E0ED18EEFE /* Assets.xcassets */ = {isa = PBXFileReference; lastKnownFileType = folder.assetcatalog; path = Assets.xcassets; sourceTree = "<group>"; };
		1750ABC86D97A97B07370949 /* DropDown.swift */ = {isa = PBXFileReference; lastKnownFileType = sourcecode.swift; path = DropDown.swift; sourceTree = "<group>"; };
		18C6CB980A090E605DD6CC2D /* VoiceWalker.swift */ = {isa = PBXFileReference; lastKnownFileType = sourcecode.swift; path = VoiceWalker.swift; sourceTree = "<group>"; };
		1E01A9E0DEC947610C0F642D /* GrabScreen.swift */ = {isa = PBXFileReference; lastKnownFileType = sourcecode.swift; path = GrabScreen.swift; sourceTree = "<group>"; };
		1E0A839566CDE77B068F47C5 /* BulkChange.swift */ = {isa = PBXFileReference; lastKnownFileType = sourcecode.swift; path = BulkChange.swift; sourceTree = "<group>"; };
		1E85BCAD34C27EEF9C85A644 /* AMSPackingUITests.swift */ = {isa = PBXFileReference; lastKnownFileType = sourcecode.swift; path = AMSPackingUITests.swift; sourceTree = "<group>"; };
		200B88877006E1F006B96632 /* DateRangePicker.swift */ = {isa = PBXFileReference; lastKnownFileType = sourcecode.swift; path = DateRangePicker.swift; sourceTree = "<group>"; };
		2523F591EFB11AFB55FEFF2D /* Buttons.swift */ = {isa = PBXFileReference; lastKnownFileType = sourcecode.swift; path = Buttons.swift; sourceTree = "<group>"; };
		258F81799F958E5C5EF112C5 /* ListsScreen.swift */ = {isa = PBXFileReference; lastKnownFileType = sourcecode.swift; path = ListsScreen.swift; sourceTree = "<group>"; };
		26111B23DAEE70145F81696C /* TemplateReminders.swift */ = {isa = PBXFileReference; lastKnownFileType = sourcecode.swift; path = TemplateReminders.swift; sourceTree = "<group>"; };
		2C47276F0BCDA224A5AD23B1 /* WeatherCard.swift */ = {isa = PBXFileReference; lastKnownFileType = sourcecode.swift; path = WeatherCard.swift; sourceTree = "<group>"; };
		2C5987DFEB47FC294A078D4D /* NewList.swift */ = {isa = PBXFileReference; lastKnownFileType = sourcecode.swift; path = NewList.swift; sourceTree = "<group>"; };
		2F6B09947C62AF9C62758EFD /* Releases.swift */ = {isa = PBXFileReference; lastKnownFileType = sourcecode.swift; path = Releases.swift; sourceTree = "<group>"; };
		34879BF77676913C07B69267 /* RestoreSheet.swift */ = {isa = PBXFileReference; lastKnownFileType = sourcecode.swift; path = RestoreSheet.swift; sourceTree = "<group>"; };
		35352F3BD8D2A7EE166961C9 /* Today.swift */ = {isa = PBXFileReference; lastKnownFileType = sourcecode.swift; path = Today.swift; sourceTree = "<group>"; };
		38F244475495E5E17D2F7126 /* WayHomeScreen.swift */ = {isa = PBXFileReference; lastKnownFileType = sourcecode.swift; path = WayHomeScreen.swift; sourceTree = "<group>"; };
		395725EE98C38DC3A86648AF /* TripKitLine.swift */ = {isa = PBXFileReference; lastKnownFileType = sourcecode.swift; path = TripKitLine.swift; sourceTree = "<group>"; };
		39A697D32B44D323BED24711 /* DoorChecks.swift */ = {isa = PBXFileReference; lastKnownFileType = sourcecode.swift; path = DoorChecks.swift; sourceTree = "<group>"; };
		3A74DCE749078F203A8E87BF /* SettingsScreen.swift */ = {isa = PBXFileReference; lastKnownFileType = sourcecode.swift; path = SettingsScreen.swift; sourceTree = "<group>"; };
		3BF15EE34C5EEF1623E0B8B2 /* Reminders.swift */ = {isa = PBXFileReference; lastKnownFileType = sourcecode.swift; path = Reminders.swift; sourceTree = "<group>"; };
		4023CCF833EE4F1EA60FEE23 /* ReviewHealth.swift */ = {isa = PBXFileReference; lastKnownFileType = sourcecode.swift; path = ReviewHealth.swift; sourceTree = "<group>"; };
		403A4735005582B356D67F55 /* HomeScreen.swift */ = {isa = PBXFileReference; lastKnownFileType = sourcecode.swift; path = HomeScreen.swift; sourceTree = "<group>"; };
		44D18DE1235701F7E07558F6 /* OnSiteScreen.swift */ = {isa = PBXFileReference; lastKnownFileType = sourcecode.swift; path = OnSiteScreen.swift; sourceTree = "<group>"; };
		47B0D4E3ECA5F83EFE0C91C0 /* SampleLibrary.swift */ = {isa = PBXFileReference; lastKnownFileType = sourcecode.swift; path = SampleLibrary.swift; sourceTree = "<group>"; };
		4926F40EBD71822EA9165684 /* RemindersSend.swift */ = {isa = PBXFileReference; lastKnownFileType = sourcecode.swift; path = RemindersSend.swift; sourceTree = "<group>"; };
		4E38CAC9C9C8FFA96DF061FC /* AMSPackingUITests.xctest */ = {isa = PBXFileReference; includeInIndex = 0; lastKnownFileType = wrapper.cfbundle; path = AMSPackingUITests.xctest; sourceTree = BUILT_PRODUCTS_DIR; };
		4EB48F2667254D2AD3862586 /* BagsScreen.swift */ = {isa = PBXFileReference; lastKnownFileType = sourcecode.swift; path = BagsScreen.swift; sourceTree = "<group>"; };
		4F6491A9AB1E25EAC20F46EB /* TableFilterSort.swift */ = {isa = PBXFileReference; lastKnownFileType = sourcecode.swift; path = TableFilterSort.swift; sourceTree = "<group>"; };
		50CD73DFBC2243DAE7B30588 /* VoicePanel.swift */ = {isa = PBXFileReference; lastKnownFileType = sourcecode.swift; path = VoicePanel.swift; sourceTree = "<group>"; };
		534AF493408BF588BA9222FF /* AMSPackingApp.swift */ = {isa = PBXFileReference; lastKnownFileType = sourcecode.swift; path = AMSPackingApp.swift; sourceTree = "<group>"; };
		55FAAC5753777A7E40ED20AA /* ScreenHeader.swift */ = {isa = PBXFileReference; lastKnownFileType = sourcecode.swift; path = ScreenHeader.swift; sourceTree = "<group>"; };
		56F5604CA6875D255BD93251 /* CareScreen.swift */ = {isa = PBXFileReference; lastKnownFileType = sourcecode.swift; path = CareScreen.swift; sourceTree = "<group>"; };
		5844FD1A40A106FF0878B093 /* TableColumns.swift */ = {isa = PBXFileReference; lastKnownFileType = sourcecode.swift; path = TableColumns.swift; sourceTree = "<group>"; };
		5A986BF2DF0FA5E39E42559C /* Words.swift */ = {isa = PBXFileReference; lastKnownFileType = sourcecode.swift; path = Words.swift; sourceTree = "<group>"; };
		5D88FA9EA0BC448F857072B9 /* WorldMap.swift */ = {isa = PBXFileReference; lastKnownFileType = sourcecode.swift; path = WorldMap.swift; sourceTree = "<group>"; };
		6C33289BF160D459176D7669 /* SmallDelete.swift */ = {isa = PBXFileReference; lastKnownFileType = sourcecode.swift; path = SmallDelete.swift; sourceTree = "<group>"; };
		6CC01537D593379C8EF1B84F /* RefineScreen.swift */ = {isa = PBXFileReference; lastKnownFileType = sourcecode.swift; path = RefineScreen.swift; sourceTree = "<group>"; };
		76F661D8CCF1AD5B6AE65475 /* Shortcuts.swift */ = {isa = PBXFileReference; lastKnownFileType = sourcecode.swift; path = Shortcuts.swift; sourceTree = "<group>"; };
		77CEDA06EFED05D4A1612077 /* EventsScreen.swift */ = {isa = PBXFileReference; lastKnownFileType = sourcecode.swift; path = EventsScreen.swift; sourceTree = "<group>"; };
		7B024F8A00820DD9D55E10D0 /* TickAll.swift */ = {isa = PBXFileReference; lastKnownFileType = sourcecode.swift; path = TickAll.swift; sourceTree = "<group>"; };
		7B24F2617CC7D137784F66F2 /* ThingsTable.swift */ = {isa = PBXFileReference; lastKnownFileType = sourcecode.swift; path = ThingsTable.swift; sourceTree = "<group>"; };
		84A8F1D2ED5D5358B98D4BE9 /* WhereIsIntent.swift */ = {isa = PBXFileReference; lastKnownFileType = sourcecode.swift; path = WhereIsIntent.swift; sourceTree = "<group>"; };
		84D38B8F1FFBA5FF61854300 /* ReviewScreen.swift */ = {isa = PBXFileReference; lastKnownFileType = sourcecode.swift; path = ReviewScreen.swift; sourceTree = "<group>"; };
		878AF15AECFDDAD02F227DDD /* TripScreen.swift */ = {isa = PBXFileReference; lastKnownFileType = sourcecode.swift; path = TripScreen.swift; sourceTree = "<group>"; };
		8DCA03D292255B391659C37C /* Headings.swift */ = {isa = PBXFileReference; lastKnownFileType = sourcecode.swift; path = Headings.swift; sourceTree = "<group>"; };
		9303A9912D1C193EBFA773D8 /* VoiceStarts.swift */ = {isa = PBXFileReference; lastKnownFileType = sourcecode.swift; path = VoiceStarts.swift; sourceTree = "<group>"; };
		95CE795CC801DFFE3FD39642 /* BagCabin.swift */ = {isa = PBXFileReference; lastKnownFileType = sourcecode.swift; path = BagCabin.swift; sourceTree = "<group>"; };
		9C42481A42DC3DDDDD9E3093 /* ActionsScreen.swift */ = {isa = PBXFileReference; lastKnownFileType = sourcecode.swift; path = ActionsScreen.swift; sourceTree = "<group>"; };
		A1A727717D19724FB903E1AA /* ThingKeys.swift */ = {isa = PBXFileReference; lastKnownFileType = sourcecode.swift; path = ThingKeys.swift; sourceTree = "<group>"; };
		A644B6F78A0C7B86EF26025E /* AMSPacking.app */ = {isa = PBXFileReference; includeInIndex = 0; lastKnownFileType = wrapper.application; path = AMSPacking.app; sourceTree = BUILT_PRODUCTS_DIR; };
		A751E258BF8E1D5C8C0CF952 /* VoiceIO.swift */ = {isa = PBXFileReference; lastKnownFileType = sourcecode.swift; path = VoiceIO.swift; sourceTree = "<group>"; };
		A78A30067C884BCEB042959A /* Sections.swift */ = {isa = PBXFileReference; lastKnownFileType = sourcecode.swift; path = Sections.swift; sourceTree = "<group>"; };
		A807991F4D3D37B8ECD7F29C /* ThingKitPart.swift */ = {isa = PBXFileReference; lastKnownFileType = sourcecode.swift; path = ThingKitPart.swift; sourceTree = "<group>"; };
		A841D9340C8D1312A6814431 /* CloudStore.swift */ = {isa = PBXFileReference; lastKnownFileType = sourcecode.swift; path = CloudStore.swift; sourceTree = "<group>"; };
		AA08386166D3DBA4C2883F24 /* Loop.swift */ = {isa = PBXFileReference; lastKnownFileType = sourcecode.swift; path = Loop.swift; sourceTree = "<group>"; };
		AA55DD1C69CF406AC89958E8 /* DeviceVoice.swift */ = {isa = PBXFileReference; lastKnownFileType = sourcecode.swift; path = DeviceVoice.swift; sourceTree = "<group>"; };
		AC9F694B5D78B16B402CD363 /* TripChecks.swift */ = {isa = PBXFileReference; lastKnownFileType = sourcecode.swift; path = TripChecks.swift; sourceTree = "<group>"; };
		AF39781FD9E90DDA3B6B2E30 /* SVGPath.swift */ = {isa = PBXFileReference; lastKnownFileType = sourcecode.swift; path = SVGPath.swift; sourceTree = "<group>"; };
		B81D1DC40B7BE148110F1C91 /* BagDetail.swift */ = {isa = PBXFileReference; lastKnownFileType = sourcecode.swift; path = BagDetail.swift; sourceTree = "<group>"; };
		BA49BA1121FBB7576FC62E32 /* RootView.swift */ = {isa = PBXFileReference; lastKnownFileType = sourcecode.swift; path = RootView.swift; sourceTree = "<group>"; };
		BA8E667C951BD91655405B94 /* Countdown.swift */ = {isa = PBXFileReference; lastKnownFileType = sourcecode.swift; path = Countdown.swift; sourceTree = "<group>"; };
		C41F92CE24B4D203B69B5870 /* BagsCard.swift */ = {isa = PBXFileReference; lastKnownFileType = sourcecode.swift; path = BagsCard.swift; sourceTree = "<group>"; };
		C63D25C9AA00E03651D86114 /* BuyList.swift */ = {isa = PBXFileReference; lastKnownFileType = sourcecode.swift; path = BuyList.swift; sourceTree = "<group>"; };
		C79C38939D0655EEE452D769 /* Share.swift */ = {isa = PBXFileReference; lastKnownFileType = sourcecode.swift; path = Share.swift; sourceTree = "<group>"; };
		C9BF0565DC8465EAD313C1A4 /* Core */ = {isa = PBXFileReference; lastKnownFileType = folder; name = Core; path = Core; sourceTree = SOURCE_ROOT; };
		CA098293FBB7AB47DA81148E /* GrabMenu.swift */ = {isa = PBXFileReference; lastKnownFileType = sourcecode.swift; path = GrabMenu.swift; sourceTree = "<group>"; };
		CBD18490EE2F12EF48CF3599 /* GuideScreen.swift */ = {isa = PBXFileReference; lastKnownFileType = sourcecode.swift; path = GuideScreen.swift; sourceTree = "<group>"; };
		CD0CC9973692AB2A31CFC2DE /* TripSettings.swift */ = {isa = PBXFileReference; lastKnownFileType = sourcecode.swift; path = TripSettings.swift; sourceTree = "<group>"; };
		CE240BD38035471259419B81 /* TemplateIcons.swift */ = {isa = PBXFileReference; lastKnownFileType = sourcecode.swift; path = TemplateIcons.swift; sourceTree = "<group>"; };
		D588E84D41CE3E84D62CA76F /* VaultCard.swift */ = {isa = PBXFileReference; lastKnownFileType = sourcecode.swift; path = VaultCard.swift; sourceTree = "<group>"; };
		D92F0E3A8310A4DC718C68EB /* FirstRunView.swift */ = {isa = PBXFileReference; lastKnownFileType = sourcecode.swift; path = FirstRunView.swift; sourceTree = "<group>"; };
		DAA70675722BC29FD43EA3BE /* CareCalendarView.swift */ = {isa = PBXFileReference; lastKnownFileType = sourcecode.swift; path = CareCalendarView.swift; sourceTree = "<group>"; };
		DBCE6F6679B4724E0039268E /* SyncCard.swift */ = {isa = PBXFileReference; lastKnownFileType = sourcecode.swift; path = SyncCard.swift; sourceTree = "<group>"; };
		DDBA6EAA187C6199B9CB6E07 /* BagPhoto.swift */ = {isa = PBXFileReference; lastKnownFileType = sourcecode.swift; path = BagPhoto.swift; sourceTree = "<group>"; };
		DF6A7521CAF9F486A9847AB2 /* Pockets.swift */ = {isa = PBXFileReference; lastKnownFileType = sourcecode.swift; path = Pockets.swift; sourceTree = "<group>"; };
		E28540B3BBCD50AB31F2DF8D /* AppleHealth.swift */ = {isa = PBXFileReference; lastKnownFileType = sourcecode.swift; path = AppleHealth.swift; sourceTree = "<group>"; };
		E85262A8D75E3FFA9A6E252A /* LibraryModel.swift */ = {isa = PBXFileReference; lastKnownFileType = sourcecode.swift; path = LibraryModel.swift; sourceTree = "<group>"; };
		E8B838F35360E8BDAF890124 /* Theme.swift */ = {isa = PBXFileReference; lastKnownFileType = sourcecode.swift; path = Theme.swift; sourceTree = "<group>"; };
		ED9B041225333263C7547689 /* ThingsScreen.swift */ = {isa = PBXFileReference; lastKnownFileType = sourcecode.swift; path = ThingsScreen.swift; sourceTree = "<group>"; };
		EDA67771DAAE27E418C53DDE /* PlaceScreen.swift */ = {isa = PBXFileReference; lastKnownFileType = sourcecode.swift; path = PlaceScreen.swift; sourceTree = "<group>"; };
		F1CE8693CFF4B56DD044E844 /* SearchScreen.swift */ = {isa = PBXFileReference; lastKnownFileType = sourcecode.swift; path = SearchScreen.swift; sourceTree = "<group>"; };
		F4B594AF144EDDECFF9CF7B3 /* Laundry.swift */ = {isa = PBXFileReference; lastKnownFileType = sourcecode.swift; path = Laundry.swift; sourceTree = "<group>"; };
		F7D04BC7E8B4F98109CE6770 /* RescueCopies.swift */ = {isa = PBXFileReference; lastKnownFileType = sourcecode.swift; path = RescueCopies.swift; sourceTree = "<group>"; };
		F82D64736DCAA09F967D279E /* GrabCollectionScreen.swift */ = {isa = PBXFileReference; lastKnownFileType = sourcecode.swift; path = GrabCollectionScreen.swift; sourceTree = "<group>"; };
		F99A5CDDEE7077CDDBCB185D /* Vault.swift */ = {isa = PBXFileReference; lastKnownFileType = sourcecode.swift; path = Vault.swift; sourceTree = "<group>"; };
/* End PBXFileReference section */

/* Begin PBXFrameworksBuildPhase section */
		2E672F3B4404434900AF039B /* Frameworks */ = {
			isa = PBXFrameworksBuildPhase;
			buildActionMask = 2147483647;
			files = (
				6A4E3AE89B7E1FF756858C13 /* PackingCore in Frameworks */,
				D5D12FDA2CC5B6443B769608 /* PackingLibrary in Frameworks */,
			);
			runOnlyForDeploymentPostprocessing = 0;
		};
/* End PBXFrameworksBuildPhase section */

/* Begin PBXGroup section */
		12A3E13300E9537A30EEBF23 /* App */ = {
			isa = PBXGroup;
			children = (
				EE115942B9977F54036CB80F /* Resources */,
				E29816B8B03B7BF6A94B8A2E /* Sources */,
			);
			path = App;
			sourceTree = "<group>";
		};
		38CC5E8C14958BC00501840D /* Packages */ = {
			isa = PBXGroup;
			children = (
				C9BF0565DC8465EAD313C1A4 /* Core */,
			);
			name = Packages;
			sourceTree = "<group>";
		};
		3A9C8006EC382C3931513493 /* UITests */ = {
			isa = PBXGroup;
			children = (
				1E85BCAD34C27EEF9C85A644 /* AMSPackingUITests.swift */,
			);
			path = UITests;
			sourceTree = "<group>";
		};
		3E1527CF220D54552190EE7D /* Guide */ = {
			isa = PBXGroup;
			children = (
				CBD18490EE2F12EF48CF3599 /* GuideScreen.swift */,
				2F6B09947C62AF9C62758EFD /* Releases.swift */,
				5A986BF2DF0FA5E39E42559C /* Words.swift */,
			);
			path = Guide;
			sourceTree = "<group>";
		};
		521FDCA33F67871678AF4426 /* Store */ = {
			isa = PBXGroup;
			children = (
				E28540B3BBCD50AB31F2DF8D /* AppleHealth.swift */,
				A841D9340C8D1312A6814431 /* CloudStore.swift */,
				39A697D32B44D323BED24711 /* DoorChecks.swift */,
				09CEA44FC29BD0EB0658E8C9 /* Forecast.swift */,
				E85262A8D75E3FFA9A6E252A /* LibraryModel.swift */,
				3BF15EE34C5EEF1623E0B8B2 /* Reminders.swift */,
				F7D04BC7E8B4F98109CE6770 /* RescueCopies.swift */,
				47B0D4E3ECA5F83EFE0C91C0 /* SampleLibrary.swift */,
				029AD64D1791D9D681EA7DDF /* ShopReminders.swift */,
				76F661D8CCF1AD5B6AE65475 /* Shortcuts.swift */,
				35352F3BD8D2A7EE166961C9 /* Today.swift */,
				F99A5CDDEE7077CDDBCB185D /* Vault.swift */,
				84A8F1D2ED5D5358B98D4BE9 /* WhereIsIntent.swift */,
			);
			path = Store;
			sourceTree = "<group>";
		};
		837A3C08EFD803BC99D4013C /* Products */ = {
			isa = PBXGroup;
			children = (
				A644B6F78A0C7B86EF26025E /* AMSPacking.app */,
				4E38CAC9C9C8FFA96DF061FC /* AMSPackingUITests.xctest */,
			);
			name = Products;
			sourceTree = "<group>";
		};
		A30885C882193F57224DCDC9 /* Voice */ = {
			isa = PBXGroup;
			children = (
				AA55DD1C69CF406AC89958E8 /* DeviceVoice.swift */,
				A751E258BF8E1D5C8C0CF952 /* VoiceIO.swift */,
				50CD73DFBC2243DAE7B30588 /* VoicePanel.swift */,
				9303A9912D1C193EBFA773D8 /* VoiceStarts.swift */,
				18C6CB980A090E605DD6CC2D /* VoiceWalker.swift */,
			);
			path = Voice;
			sourceTree = "<group>";
		};
		E29816B8B03B7BF6A94B8A2E /* Sources */ = {
			isa = PBXGroup;
			children = (
				534AF493408BF588BA9222FF /* AMSPackingApp.swift */,
				2523F591EFB11AFB55FEFF2D /* Buttons.swift */,
				BA49BA1121FBB7576FC62E32 /* RootView.swift */,
				55FAAC5753777A7E40ED20AA /* ScreenHeader.swift */,
				A78A30067C884BCEB042959A /* Sections.swift */,
				AF39781FD9E90DDA3B6B2E30 /* SVGPath.swift */,
				CE240BD38035471259419B81 /* TemplateIcons.swift */,
				E8B838F35360E8BDAF890124 /* Theme.swift */,
				3E1527CF220D54552190EE7D /* Guide */,
				F78D4AAA642932CAA25AC022 /* Screens */,
				521FDCA33F67871678AF4426 /* Store */,
				A30885C882193F57224DCDC9 /* Voice */,
			);
			path = Sources;
			sourceTree = "<group>";
		};
		E6439097C0B6F92117E38AB1 = {
			isa = PBXGroup;
			children = (
				12A3E13300E9537A30EEBF23 /* App */,
				38CC5E8C14958BC00501840D /* Packages */,
				3A9C8006EC382C3931513493 /* UITests */,
				837A3C08EFD803BC99D4013C /* Products */,
			);
			sourceTree = "<group>";
		};
		EE115942B9977F54036CB80F /* Resources */ = {
			isa = PBXGroup;
			children = (
				1184D7CD5CC4D6E0ED18EEFE /* Assets.xcassets */,
			);
			path = Resources;
			sourceTree = "<group>";
		};
		F78D4AAA642932CAA25AC022 /* Screens */ = {
			isa = PBXGroup;
			children = (
				9C42481A42DC3DDDDD9E3093 /* ActionsScreen.swift */,
				95CE795CC801DFFE3FD39642 /* BagCabin.swift */,
				B81D1DC40B7BE148110F1C91 /* BagDetail.swift */,
				DDBA6EAA187C6199B9CB6E07 /* BagPhoto.swift */,
				C41F92CE24B4D203B69B5870 /* BagsCard.swift */,
				4EB48F2667254D2AD3862586 /* BagsScreen.swift */,
				1E0A839566CDE77B068F47C5 /* BulkChange.swift */,
				C63D25C9AA00E03651D86114 /* BuyList.swift */,
				DAA70675722BC29FD43EA3BE /* CareCalendarView.swift */,
				56F5604CA6875D255BD93251 /* CareScreen.swift */,
				BA8E667C951BD91655405B94 /* Countdown.swift */,
				200B88877006E1F006B96632 /* DateRangePicker.swift */,
				1750ABC86D97A97B07370949 /* DropDown.swift */,
				77CEDA06EFED05D4A1612077 /* EventsScreen.swift */,
				D92F0E3A8310A4DC718C68EB /* FirstRunView.swift */,
				F82D64736DCAA09F967D279E /* GrabCollectionScreen.swift */,
				CA098293FBB7AB47DA81148E /* GrabMenu.swift */,
				1E01A9E0DEC947610C0F642D /* GrabScreen.swift */,
				8DCA03D292255B391659C37C /* Headings.swift */,
				403A4735005582B356D67F55 /* HomeScreen.swift */,
				112E88E5E56E46CAA3F002CE /* KitDashboard.swift */,
				F4B594AF144EDDECFF9CF7B3 /* Laundry.swift */,
				258F81799F958E5C5EF112C5 /* ListsScreen.swift */,
				AA08386166D3DBA4C2883F24 /* Loop.swift */,
				2C5987DFEB47FC294A078D4D /* NewList.swift */,
				44D18DE1235701F7E07558F6 /* OnSiteScreen.swift */,
				01F66AF282FB2C3C22DC9F76 /* PickThings.swift */,
				EDA67771DAAE27E418C53DDE /* PlaceScreen.swift */,
				DF6A7521CAF9F486A9847AB2 /* Pockets.swift */,
				6CC01537D593379C8EF1B84F /* RefineScreen.swift */,
				4926F40EBD71822EA9165684 /* RemindersSend.swift */,
				34879BF77676913C07B69267 /* RestoreSheet.swift */,
				4023CCF833EE4F1EA60FEE23 /* ReviewHealth.swift */,
				84D38B8F1FFBA5FF61854300 /* ReviewScreen.swift */,
				F1CE8693CFF4B56DD044E844 /* SearchScreen.swift */,
				3A74DCE749078F203A8E87BF /* SettingsScreen.swift */,
				C79C38939D0655EEE452D769 /* Share.swift */,
				6C33289BF160D459176D7669 /* SmallDelete.swift */,
				DBCE6F6679B4724E0039268E /* SyncCard.swift */,
				5844FD1A40A106FF0878B093 /* TableColumns.swift */,
				4F6491A9AB1E25EAC20F46EB /* TableFilterSort.swift */,
				26111B23DAEE70145F81696C /* TemplateReminders.swift */,
				0AC47170406600EB5ADFCE37 /* TemplatesScreen.swift */,
				A1A727717D19724FB903E1AA /* ThingKeys.swift */,
				A807991F4D3D37B8ECD7F29C /* ThingKitPart.swift */,
				ED9B041225333263C7547689 /* ThingsScreen.swift */,
				7B24F2617CC7D137784F66F2 /* ThingsTable.swift */,
				7B024F8A00820DD9D55E10D0 /* TickAll.swift */,
				AC9F694B5D78B16B402CD363 /* TripChecks.swift */,
				395725EE98C38DC3A86648AF /* TripKitLine.swift */,
				878AF15AECFDDAD02F227DDD /* TripScreen.swift */,
				CD0CC9973692AB2A31CFC2DE /* TripSettings.swift */,
				D588E84D41CE3E84D62CA76F /* VaultCard.swift */,
				38F244475495E5E17D2F7126 /* WayHomeScreen.swift */,
				2C47276F0BCDA224A5AD23B1 /* WeatherCard.swift */,
				5D88FA9EA0BC448F857072B9 /* WorldMap.swift */,
			);
			path = Screens;
			sourceTree = "<group>";
		};
/* End PBXGroup section */

/* Begin PBXNativeTarget section */
		00D51DE0F2CEE7EC696DDA7A /* AMSPacking */ = {
			isa = PBXNativeTarget;
			buildConfigurationList = 17438BD47A18462E464C35CA /* Build configuration list for PBXNativeTarget "AMSPacking" */;
			buildPhases = (
				56CA30ED374F8F6C9B46BC9E /* Sources */,
				54613D25DFF30492CD5C28CB /* Resources */,
				2E672F3B4404434900AF039B /* Frameworks */,
			);
			buildRules = (
			);
			dependencies = (
			);
			name = AMSPacking;
			packageProductDependencies = (
				70431786B7003CDABC1162E4 /* PackingCore */,
				00FE6A96F5083A4802B251C6 /* PackingLibrary */,
			);
			productName = AMSPacking;
			productReference = A644B6F78A0C7B86EF26025E /* AMSPacking.app */;
			productType = "com.apple.product-type.application";
		};
		BF4325F5E922557960DA80F2 /* AMSPackingUITests */ = {
			isa = PBXNativeTarget;
			buildConfigurationList = 04F262CC3461F84BCF414C3C /* Build configuration list for PBXNativeTarget "AMSPackingUITests" */;
			buildPhases = (
				1335F80D57D0D6E21FF55B4A /* Sources */,
			);
			buildRules = (
			);
			dependencies = (
				F9AC9E15A42B2CD1507F6667 /* PBXTargetDependency */,
			);
			name = AMSPackingUITests;
			packageProductDependencies = (
			);
			productName = AMSPackingUITests;
			productReference = 4E38CAC9C9C8FFA96DF061FC /* AMSPackingUITests.xctest */;
			productType = "com.apple.product-type.bundle.ui-testing";
		};
/* End PBXNativeTarget section */

/* Begin PBXProject section */
		4110523AB54047158FA9D176 /* Project object */ = {
			isa = PBXProject;
			attributes = {
				BuildIndependentTargetsInParallel = YES;
				LastUpgradeCheck = 1430;
				TargetAttributes = {
					00D51DE0F2CEE7EC696DDA7A = {
						DevelopmentTeam = D24ENP83QQ;
						ProvisioningStyle = Automatic;
					};
					BF4325F5E922557960DA80F2 = {
						DevelopmentTeam = D24ENP83QQ;
						ProvisioningStyle = Automatic;
						TestTargetID = 00D51DE0F2CEE7EC696DDA7A;
					};
				};
			};
			buildConfigurationList = 8743686658ED777D0DE2D649 /* Build configuration list for PBXProject "AMSPacking" */;
			developmentRegion = en;
			hasScannedForEncodings = 0;
			knownRegions = (
				Base,
				en,
			);
			mainGroup = E6439097C0B6F92117E38AB1;
			minimizedProjectReferenceProxies = 1;
			packageReferences = (
				785624F7AC12B7503E24F5B0 /* XCLocalSwiftPackageReference "Core" */,
			);
			preferredProjectObjectVersion = 77;
			productRefGroup = 837A3C08EFD803BC99D4013C /* Products */;
			projectDirPath = "";
			projectRoot = "";
			targets = (
				00D51DE0F2CEE7EC696DDA7A /* AMSPacking */,
				BF4325F5E922557960DA80F2 /* AMSPackingUITests */,
			);
		};
/* End PBXProject section */

/* Begin PBXResourcesBuildPhase section */
		54613D25DFF30492CD5C28CB /* Resources */ = {
			isa = PBXResourcesBuildPhase;
			buildActionMask = 2147483647;
			files = (
				7489E41014894218A0EC730E /* Assets.xcassets in Resources */,
			);
			runOnlyForDeploymentPostprocessing = 0;
		};
/* End PBXResourcesBuildPhase section */

/* Begin PBXSourcesBuildPhase section */
		1335F80D57D0D6E21FF55B4A /* Sources */ = {
			isa = PBXSourcesBuildPhase;
			buildActionMask = 2147483647;
			files = (
				467EBA0027C10637FEA9E9B8 /* AMSPackingUITests.swift in Sources */,
			);
			runOnlyForDeploymentPostprocessing = 0;
		};
		56CA30ED374F8F6C9B46BC9E /* Sources */ = {
			isa = PBXSourcesBuildPhase;
			buildActionMask = 2147483647;
			files = (
				65370F8A541FE81A854B9DB4 /* AMSPackingApp.swift in Sources */,
				AF85EC370F9D809E983BE0AF /* ActionsScreen.swift in Sources */,
				5856BAC0D9BF67F1B2E6780E /* AppleHealth.swift in Sources */,
				1A611EFAD56B0A1A1AF93E20 /* BagCabin.swift in Sources */,
				F547B210B31D99C35F89FC3E /* BagDetail.swift in Sources */,
				06244CC7FE9451C6DA719388 /* BagPhoto.swift in Sources */,
				D4F50ECCC88F8FE89A931EFC /* BagsCard.swift in Sources */,
				0C6CADF139B1A87388BE3DD4 /* BagsScreen.swift in Sources */,
				C02FC3669DC004D8B6C4BBC7 /* BulkChange.swift in Sources */,
				2FAA29D4DFFCB38CA02C2EDB /* Buttons.swift in Sources */,
				21419C900E931B9CBE73B314 /* BuyList.swift in Sources */,
				C71A0323F1D4E4CFC1A8B0F2 /* CareCalendarView.swift in Sources */,
				BF087815D061CD62456DEDDC /* CareScreen.swift in Sources */,
				B91D523B507CE19FCAC1D86B /* CloudStore.swift in Sources */,
				9BFB05A44F3E340F64D53C3E /* Countdown.swift in Sources */,
				3258A7D9609579F193DF2505 /* DateRangePicker.swift in Sources */,
				E23BC02087734333AE740F0A /* DeviceVoice.swift in Sources */,
				A01FA7467EDE858441462FED /* DoorChecks.swift in Sources */,
				4AD76B6494FA68210153D99C /* DropDown.swift in Sources */,
				8E1AF01FB9C11A59C8A57753 /* EventsScreen.swift in Sources */,
				4D8BC6C9156CCE2B2D8024DA /* FirstRunView.swift in Sources */,
				622AD0B67DC095DE2E934855 /* Forecast.swift in Sources */,
				06CC2A1B9CF836CDC54430F1 /* GrabCollectionScreen.swift in Sources */,
				5BB780225F4AD5294A389DF4 /* GrabMenu.swift in Sources */,
				23460B987C576F673AE6DA2A /* GrabScreen.swift in Sources */,
				39B87583182066477449515D /* GuideScreen.swift in Sources */,
				4F3FD7E1E457A44E56AB6E19 /* Headings.swift in Sources */,
				6A2E2EBA4741768E52BD87B0 /* HomeScreen.swift in Sources */,
				D0D4A2EA2FA240B7D980E71C /* KitDashboard.swift in Sources */,
				A95973A9F2025DB491456F72 /* Laundry.swift in Sources */,
				B1070E8FEA2D20959B29BA24 /* LibraryModel.swift in Sources */,
				0A6B0C9DBEE6264A11D02837 /* ListsScreen.swift in Sources */,
				D105E6CC01A99CC0BE25F875 /* Loop.swift in Sources */,
				CB68D90AEA6B080067EE8BCB /* NewList.swift in Sources */,
				E942A15DD0530D3181AEBD4C /* OnSiteScreen.swift in Sources */,
				E2B76A8A26AB8A0D50EEA5C3 /* PickThings.swift in Sources */,
				2E4E6528354833C443D3DDC4 /* PlaceScreen.swift in Sources */,
				18BBB6F1544022B6A9540909 /* Pockets.swift in Sources */,
				DAD37A1F2CA15C56CC068B58 /* RefineScreen.swift in Sources */,
				80E3669131BEA0D1C726A660 /* Releases.swift in Sources */,
				7648E9F0DD765234D9AE2C89 /* Reminders.swift in Sources */,
				DE244FF0F4F0D12DF0F82CF0 /* RemindersSend.swift in Sources */,
				D509F70319744E67DEBE955A /* RescueCopies.swift in Sources */,
				8BFE6DA316436719B57AA594 /* RestoreSheet.swift in Sources */,
				92BFCF1AF636841A4A4B1D51 /* ReviewHealth.swift in Sources */,
				09F3E0420C97A7ACAD957284 /* ReviewScreen.swift in Sources */,
				E726D1AAD07CB69C1F102F6A /* RootView.swift in Sources */,
				5547A0181FA977E7AFEB037F /* SVGPath.swift in Sources */,
				C975EB375CF35E51BCE753A4 /* SampleLibrary.swift in Sources */,
				B7EFE44328F09E5EB47E6485 /* ScreenHeader.swift in Sources */,
				AEC09A016E6CEAD021B5D4C6 /* SearchScreen.swift in Sources */,
				EB766063382A7E2DADC60C89 /* Sections.swift in Sources */,
				B12DB1EFB4C1873E0CF2716B /* SettingsScreen.swift in Sources */,
				3B34615E704B984738565FC3 /* Share.swift in Sources */,
				C92C70F13CEE0569A0E0B014 /* ShopReminders.swift in Sources */,
				38D87FC50351C1AC76DA3DE1 /* Shortcuts.swift in Sources */,
				A91364AA45735D8C67B4059B /* SmallDelete.swift in Sources */,
				FBC13904D9EB455D6F6AEDE9 /* SyncCard.swift in Sources */,
				A209E8431750B053EF5BF0C0 /* TableColumns.swift in Sources */,
				ADB8FA04EBE1134791655CCD /* TableFilterSort.swift in Sources */,
				A2EF7B9D15A856E17FB773D8 /* TemplateIcons.swift in Sources */,
				EC8EF7A9BC050820AED9344A /* TemplateReminders.swift in Sources */,
				A990ED272C2ED09E248E10CA /* TemplatesScreen.swift in Sources */,
				E0C4AB7AAF3294C75C4B5204 /* Theme.swift in Sources */,
				993DD5931C9E6CDCDB4605AF /* ThingKeys.swift in Sources */,
				192F5DC225468F6FC0E7E870 /* ThingKitPart.swift in Sources */,
				1F41F6F92A8B0D398E72CD7C /* ThingsScreen.swift in Sources */,
				09A4001328DA54940464A34D /* ThingsTable.swift in Sources */,
				ED1AD4573764AA2A6FA0350D /* TickAll.swift in Sources */,
				0F41CCC6A6FA838132BAE3F9 /* Today.swift in Sources */,
				55A2BB9EF7E8AA1F601802AC /* TripChecks.swift in Sources */,
				9EE318CF900961BD87E38068 /* TripKitLine.swift in Sources */,
				B0146791FB8C81B41DD6DBFE /* TripScreen.swift in Sources */,
				D38D93BD69C32C56A8997D07 /* TripSettings.swift in Sources */,
				3F92FF6665ADB7BD4437005C /* Vault.swift in Sources */,
				3FC3ACFD520FB3DB0B17F719 /* VaultCard.swift in Sources */,
				852DE35543B8B6DE3F014ABA /* VoiceIO.swift in Sources */,
				1A3A1067D5D9FB7754573E80 /* VoicePanel.swift in Sources */,
				859FFD3EC946926E2C26D3BC /* VoiceStarts.swift in Sources */,
				C6FE9965A251DF28F495E8BF /* VoiceWalker.swift in Sources */,
				D8BFC0A9124CC984A49C398B /* WayHomeScreen.swift in Sources */,
				811DE93961FA9F60010FF93D /* WeatherCard.swift in Sources */,
				39B68C038BC2CAA6DB6207D6 /* WhereIsIntent.swift in Sources */,
				C4BFCE654B0D6E38EFE8E24F /* Words.swift in Sources */,
				DAE1DC1E5B87843793C1371E /* WorldMap.swift in Sources */,
			);
			runOnlyForDeploymentPostprocessing = 0;
		};
/* End PBXSourcesBuildPhase section */

/* Begin PBXTargetDependency section */
		F9AC9E15A42B2CD1507F6667 /* PBXTargetDependency */ = {
			isa = PBXTargetDependency;
			target = 00D51DE0F2CEE7EC696DDA7A /* AMSPacking */;
			targetProxy = 2613322954AD820AEFAAD8BC /* PBXContainerItemProxy */;
		};
/* End PBXTargetDependency section */

/* Begin XCBuildConfiguration section */
		0033A29424DED360F672BD63 /* Release */ = {
			isa = XCBuildConfiguration;
			buildSettings = {
				BUNDLE_LOADER = "$(TEST_HOST)";
				GENERATE_INFOPLIST_FILE = YES;
				LD_RUNPATH_SEARCH_PATHS = (
					"$(inherited)",
					"@executable_path/Frameworks",
					"@loader_path/Frameworks",
				);
				PRODUCT_BUNDLE_IDENTIFIER = com.schabbauer.AMSPackingUITests;
				SDKROOT = auto;
				SUPPORTED_PLATFORMS = "iphoneos iphonesimulator macosx";
				SUPPORTS_MACCATALYST = NO;
				SUPPORTS_MAC_DESIGNED_FOR_IPHONE_IPAD = NO;
				SUPPORTS_XR_DESIGNED_FOR_IPHONE_IPAD = YES;
				TARGETED_DEVICE_FAMILY = "1,2";
				TEST_TARGET_NAME = AMSPacking;
			};
			name = Release;
		};
		271FB5632F024EA225BDAFB7 /* Debug */ = {
			isa = XCBuildConfiguration;
			buildSettings = {
				BUNDLE_LOADER = "$(TEST_HOST)";
				GENERATE_INFOPLIST_FILE = YES;
				LD_RUNPATH_SEARCH_PATHS = (
					"$(inherited)",
					"@executable_path/Frameworks",
					"@loader_path/Frameworks",
				);
				PRODUCT_BUNDLE_IDENTIFIER = com.schabbauer.AMSPackingUITests;
				SDKROOT = auto;
				SUPPORTED_PLATFORMS = "iphoneos iphonesimulator macosx";
				SUPPORTS_MACCATALYST = NO;
				SUPPORTS_MAC_DESIGNED_FOR_IPHONE_IPAD = NO;
				SUPPORTS_XR_DESIGNED_FOR_IPHONE_IPAD = YES;
				TARGETED_DEVICE_FAMILY = "1,2";
				TEST_TARGET_NAME = AMSPacking;
			};
			name = Debug;
		};
		63A277DCE878E8BA372E5C1B /* Release */ = {
			isa = XCBuildConfiguration;
			buildSettings = {
				ASSETCATALOG_COMPILER_APPICON_NAME = AppIcon;
				ASSETCATALOG_COMPILER_GLOBAL_ACCENT_COLOR_NAME = AccentColor;
				CODE_SIGN_ENTITLEMENTS = App/Config/AMSPacking.entitlements;
				"CODE_SIGN_ENTITLEMENTS[sdk=iphoneos*]" = "App/Config/AMSPacking-iOS.entitlements";
				"CODE_SIGN_ENTITLEMENTS[sdk=iphonesimulator*]" = "App/Config/AMSPacking-iOS.entitlements";
				CODE_SIGN_IDENTITY = "iPhone Developer";
				GENERATE_INFOPLIST_FILE = NO;
				INFOPLIST_FILE = App/Config/Info.plist;
				INFOPLIST_KEY_UIApplicationSceneManifest_Generation = NO;
				LD_RUNPATH_SEARCH_PATHS = (
					"$(inherited)",
					"@executable_path/Frameworks",
				);
				PACKING_USES_ICLOUD = NO;
				PRODUCT_BUNDLE_IDENTIFIER = com.schabbauer.AMSPacking;
				SDKROOT = auto;
				SUPPORTED_PLATFORMS = "iphoneos iphonesimulator macosx";
				SUPPORTS_MACCATALYST = NO;
				SUPPORTS_MAC_DESIGNED_FOR_IPHONE_IPAD = NO;
				SUPPORTS_XR_DESIGNED_FOR_IPHONE_IPAD = YES;
				TARGETED_DEVICE_FAMILY = 1;
			};
			name = Release;
		};
		9F52B9D5DE87696BA535D90A /* Debug */ = {
			isa = XCBuildConfiguration;
			buildSettings = {
				ALWAYS_SEARCH_USER_PATHS = NO;
				CLANG_ANALYZER_NONNULL = YES;
				CLANG_ANALYZER_NUMBER_OBJECT_CONVERSION = YES_AGGRESSIVE;
				CLANG_CXX_LANGUAGE_STANDARD = "gnu++14";
				CLANG_CXX_LIBRARY = "libc++";
				CLANG_ENABLE_MODULES = YES;
				CLANG_ENABLE_OBJC_ARC = YES;
				CLANG_ENABLE_OBJC_WEAK = YES;
				CLANG_WARN_BLOCK_CAPTURE_AUTORELEASING = YES;
				CLANG_WARN_BOOL_CONVERSION = YES;
				CLANG_WARN_COMMA = YES;
				CLANG_WARN_CONSTANT_CONVERSION = YES;
				CLANG_WARN_DEPRECATED_OBJC_IMPLEMENTATIONS = YES;
				CLANG_WARN_DIRECT_OBJC_ISA_USAGE = YES_ERROR;
				CLANG_WARN_DOCUMENTATION_COMMENTS = YES;
				CLANG_WARN_EMPTY_BODY = YES;
				CLANG_WARN_ENUM_CONVERSION = YES;
				CLANG_WARN_INFINITE_RECURSION = YES;
				CLANG_WARN_INT_CONVERSION = YES;
				CLANG_WARN_NON_LITERAL_NULL_CONVERSION = YES;
				CLANG_WARN_OBJC_IMPLICIT_RETAIN_SELF = YES;
				CLANG_WARN_OBJC_LITERAL_CONVERSION = YES;
				CLANG_WARN_OBJC_ROOT_CLASS = YES_ERROR;
				CLANG_WARN_QUOTED_INCLUDE_IN_FRAMEWORK_HEADER = YES;
				CLANG_WARN_RANGE_LOOP_ANALYSIS = YES;
				CLANG_WARN_STRICT_PROTOTYPES = YES;
				CLANG_WARN_SUSPICIOUS_MOVE = YES;
				CLANG_WARN_UNGUARDED_AVAILABILITY = YES_AGGRESSIVE;
				CLANG_WARN_UNREACHABLE_CODE = YES;
				CLANG_WARN__DUPLICATE_METHOD_MATCH = YES;
				CODE_SIGN_STYLE = Automatic;
				COPY_PHASE_STRIP = NO;
				CURRENT_PROJECT_VERSION = 2;
				DEBUG_INFORMATION_FORMAT = dwarf;
				DEVELOPMENT_TEAM = D24ENP83QQ;
				ENABLE_STRICT_OBJC_MSGSEND = YES;
				ENABLE_TESTABILITY = YES;
				GCC_C_LANGUAGE_STANDARD = gnu11;
				GCC_DYNAMIC_NO_PIC = NO;
				GCC_NO_COMMON_BLOCKS = YES;
				GCC_OPTIMIZATION_LEVEL = 0;
				GCC_PREPROCESSOR_DEFINITIONS = (
					"$(inherited)",
					"DEBUG=1",
				);
				GCC_WARN_64_TO_32_BIT_CONVERSION = YES;
				GCC_WARN_ABOUT_RETURN_TYPE = YES_ERROR;
				GCC_WARN_UNDECLARED_SELECTOR = YES;
				GCC_WARN_UNINITIALIZED_AUTOS = YES_AGGRESSIVE;
				GCC_WARN_UNUSED_FUNCTION = YES;
				GCC_WARN_UNUSED_VARIABLE = YES;
				IPHONEOS_DEPLOYMENT_TARGET = 18.0;
				MACOSX_DEPLOYMENT_TARGET = 15.0;
				MARKETING_VERSION = 0.67;
				MTL_ENABLE_DEBUG_INFO = INCLUDE_SOURCE;
				MTL_FAST_MATH = YES;
				ONLY_ACTIVE_ARCH = YES;
				PRODUCT_NAME = "$(TARGET_NAME)";
				SDKROOT = auto;
				SWIFT_ACTIVE_COMPILATION_CONDITIONS = DEBUG;
				SWIFT_OPTIMIZATION_LEVEL = "-Onone";
				SWIFT_VERSION = 5.0;
			};
			name = Debug;
		};
		D99C1245564845F2E33DEFE4 /* Debug */ = {
			isa = XCBuildConfiguration;
			buildSettings = {
				ASSETCATALOG_COMPILER_APPICON_NAME = AppIcon;
				ASSETCATALOG_COMPILER_GLOBAL_ACCENT_COLOR_NAME = AccentColor;
				CODE_SIGN_ENTITLEMENTS = App/Config/AMSPacking.entitlements;
				"CODE_SIGN_ENTITLEMENTS[sdk=iphoneos*]" = "App/Config/AMSPacking-iOS.entitlements";
				"CODE_SIGN_ENTITLEMENTS[sdk=iphonesimulator*]" = "App/Config/AMSPacking-iOS.entitlements";
				CODE_SIGN_IDENTITY = "iPhone Developer";
				GENERATE_INFOPLIST_FILE = NO;
				INFOPLIST_FILE = App/Config/Info.plist;
				INFOPLIST_KEY_UIApplicationSceneManifest_Generation = NO;
				LD_RUNPATH_SEARCH_PATHS = (
					"$(inherited)",
					"@executable_path/Frameworks",
				);
				PACKING_USES_ICLOUD = NO;
				PRODUCT_BUNDLE_IDENTIFIER = com.schabbauer.AMSPacking;
				SDKROOT = auto;
				SUPPORTED_PLATFORMS = "iphoneos iphonesimulator macosx";
				SUPPORTS_MACCATALYST = NO;
				SUPPORTS_MAC_DESIGNED_FOR_IPHONE_IPAD = NO;
				SUPPORTS_XR_DESIGNED_FOR_IPHONE_IPAD = YES;
				TARGETED_DEVICE_FAMILY = 1;
			};
			name = Debug;
		};
		DF43E22D67CF817DA7C89971 /* Release */ = {
			isa = XCBuildConfiguration;
			buildSettings = {
				ALWAYS_SEARCH_USER_PATHS = NO;
				CLANG_ANALYZER_NONNULL = YES;
				CLANG_ANALYZER_NUMBER_OBJECT_CONVERSION = YES_AGGRESSIVE;
				CLANG_CXX_LANGUAGE_STANDARD = "gnu++14";
				CLANG_CXX_LIBRARY = "libc++";
				CLANG_ENABLE_MODULES = YES;
				CLANG_ENABLE_OBJC_ARC = YES;
				CLANG_ENABLE_OBJC_WEAK = YES;
				CLANG_WARN_BLOCK_CAPTURE_AUTORELEASING = YES;
				CLANG_WARN_BOOL_CONVERSION = YES;
				CLANG_WARN_COMMA = YES;
				CLANG_WARN_CONSTANT_CONVERSION = YES;
				CLANG_WARN_DEPRECATED_OBJC_IMPLEMENTATIONS = YES;
				CLANG_WARN_DIRECT_OBJC_ISA_USAGE = YES_ERROR;
				CLANG_WARN_DOCUMENTATION_COMMENTS = YES;
				CLANG_WARN_EMPTY_BODY = YES;
				CLANG_WARN_ENUM_CONVERSION = YES;
				CLANG_WARN_INFINITE_RECURSION = YES;
				CLANG_WARN_INT_CONVERSION = YES;
				CLANG_WARN_NON_LITERAL_NULL_CONVERSION = YES;
				CLANG_WARN_OBJC_IMPLICIT_RETAIN_SELF = YES;
				CLANG_WARN_OBJC_LITERAL_CONVERSION = YES;
				CLANG_WARN_OBJC_ROOT_CLASS = YES_ERROR;
				CLANG_WARN_QUOTED_INCLUDE_IN_FRAMEWORK_HEADER = YES;
				CLANG_WARN_RANGE_LOOP_ANALYSIS = YES;
				CLANG_WARN_STRICT_PROTOTYPES = YES;
				CLANG_WARN_SUSPICIOUS_MOVE = YES;
				CLANG_WARN_UNGUARDED_AVAILABILITY = YES_AGGRESSIVE;
				CLANG_WARN_UNREACHABLE_CODE = YES;
				CLANG_WARN__DUPLICATE_METHOD_MATCH = YES;
				CODE_SIGN_STYLE = Automatic;
				COPY_PHASE_STRIP = NO;
				CURRENT_PROJECT_VERSION = 2;
				DEBUG_INFORMATION_FORMAT = "dwarf-with-dsym";
				DEVELOPMENT_TEAM = D24ENP83QQ;
				ENABLE_NS_ASSERTIONS = NO;
				ENABLE_STRICT_OBJC_MSGSEND = YES;
				GCC_C_LANGUAGE_STANDARD = gnu11;
				GCC_NO_COMMON_BLOCKS = YES;
				GCC_WARN_64_TO_32_BIT_CONVERSION = YES;
				GCC_WARN_ABOUT_RETURN_TYPE = YES_ERROR;
				GCC_WARN_UNDECLARED_SELECTOR = YES;
				GCC_WARN_UNINITIALIZED_AUTOS = YES_AGGRESSIVE;
				GCC_WARN_UNUSED_FUNCTION = YES;
				GCC_WARN_UNUSED_VARIABLE = YES;
				IPHONEOS_DEPLOYMENT_TARGET = 18.0;
				MACOSX_DEPLOYMENT_TARGET = 15.0;
				MARKETING_VERSION = 0.67;
				MTL_ENABLE_DEBUG_INFO = NO;
				MTL_FAST_MATH = YES;
				PRODUCT_NAME = "$(TARGET_NAME)";
				SDKROOT = auto;
				SWIFT_COMPILATION_MODE = wholemodule;
				SWIFT_OPTIMIZATION_LEVEL = "-O";
				SWIFT_VERSION = 5.0;
			};
			name = Release;
		};
/* End XCBuildConfiguration section */

/* Begin XCConfigurationList section */
		04F262CC3461F84BCF414C3C /* Build configuration list for PBXNativeTarget "AMSPackingUITests" */ = {
			isa = XCConfigurationList;
			buildConfigurations = (
				271FB5632F024EA225BDAFB7 /* Debug */,
				0033A29424DED360F672BD63 /* Release */,
			);
			defaultConfigurationIsVisible = 0;
			defaultConfigurationName = Debug;
		};
		17438BD47A18462E464C35CA /* Build configuration list for PBXNativeTarget "AMSPacking" */ = {
			isa = XCConfigurationList;
			buildConfigurations = (
				D99C1245564845F2E33DEFE4 /* Debug */,
				63A277DCE878E8BA372E5C1B /* Release */,
			);
			defaultConfigurationIsVisible = 0;
			defaultConfigurationName = Debug;
		};
		8743686658ED777D0DE2D649 /* Build configuration list for PBXProject "AMSPacking" */ = {
			isa = XCConfigurationList;
			buildConfigurations = (
				9F52B9D5DE87696BA535D90A /* Debug */,
				DF43E22D67CF817DA7C89971 /* Release */,
			);
			defaultConfigurationIsVisible = 0;
			defaultConfigurationName = Debug;
		};
/* End XCConfigurationList section */

/* Begin XCLocalSwiftPackageReference section */
		785624F7AC12B7503E24F5B0 /* XCLocalSwiftPackageReference "Core" */ = {
			isa = XCLocalSwiftPackageReference;
			relativePath = Core;
		};
/* End XCLocalSwiftPackageReference section */

/* Begin XCSwiftPackageProductDependency section */
		00FE6A96F5083A4802B251C6 /* PackingLibrary */ = {
			isa = XCSwiftPackageProductDependency;
			productName = PackingLibrary;
		};
		70431786B7003CDABC1162E4 /* PackingCore */ = {
			isa = XCSwiftPackageProductDependency;
			productName = PackingCore;
		};
/* End XCSwiftPackageProductDependency section */
	};
	rootObject = 4110523AB54047158FA9D176 /* Project object */;
}
