// !$*UTF8*$!
{
	archiveVersion = 1;
	classes = {
	};
	objectVersion = 77;
	objects = {

/* Begin PBXBuildFile section */
		467EBA0027C10637FEA9E9B8 /* AMSPackingUITests.swift in Sources */ = {isa = PBXBuildFile; fileRef = 1E85BCAD34C27EEF9C85A644 /* AMSPackingUITests.swift */; };
		5547A0181FA977E7AFEB037F /* SVGPath.swift in Sources */ = {isa = PBXBuildFile; fileRef = AF39781FD9E90DDA3B6B2E30 /* SVGPath.swift */; };
		65370F8A541FE81A854B9DB4 /* AMSPackingApp.swift in Sources */ = {isa = PBXBuildFile; fileRef = 534AF493408BF588BA9222FF /* AMSPackingApp.swift */; };
		6A4E3AE89B7E1FF756858C13 /* PackingCore in Frameworks */ = {isa = PBXBuildFile; productRef = 70431786B7003CDABC1162E4 /* PackingCore */; };
		7489E41014894218A0EC730E /* Assets.xcassets in Resources */ = {isa = PBXBuildFile; fileRef = 1184D7CD5CC4D6E0ED18EEFE /* Assets.xcassets */; };
		E0C4AB7AAF3294C75C4B5204 /* Theme.swift in Sources */ = {isa = PBXBuildFile; fileRef = E8B838F35360E8BDAF890124 /* Theme.swift */; };
		E726D1AAD07CB69C1F102F6A /* RootView.swift in Sources */ = {isa = PBXBuildFile; fileRef = BA49BA1121FBB7576FC62E32 /* RootView.swift */; };
		EB766063382A7E2DADC60C89 /* Sections.swift in Sources */ = {isa = PBXBuildFile; fileRef = A78A30067C884BCEB042959A /* Sections.swift */; };
/* End PBXBuildFile section */

/* Begin PBXContainerItemProxy section */
		2613322954AD820AEFAAD8BC /* PBXContainerItemProxy */ = {
			isa = PBXContainerItemProxy;
			containerPortal = 4110523AB54047158FA9D176 /* Project object */;
			proxyType = 1;
			remoteGlobalIDString = 00D51DE0F2CEE7EC696DDA7A;
			remoteInfo = AMSPacking;
		};
/* End PBXContainerItemProxy section */

/* Begin PBXFileReference section */
		1184D7CD5CC4D6E0ED18EEFE /* Assets.xcassets */ = {isa = PBXFileReference; lastKnownFileType = folder.assetcatalog; path = Assets.xcassets; sourceTree = "<group>"; };
		1E85BCAD34C27EEF9C85A644 /* AMSPackingUITests.swift */ = {isa = PBXFileReference; lastKnownFileType = sourcecode.swift; path = AMSPackingUITests.swift; sourceTree = "<group>"; };
		4E38CAC9C9C8FFA96DF061FC /* AMSPackingUITests.xctest */ = {isa = PBXFileReference; includeInIndex = 0; lastKnownFileType = wrapper.cfbundle; path = AMSPackingUITests.xctest; sourceTree = BUILT_PRODUCTS_DIR; };
		534AF493408BF588BA9222FF /* AMSPackingApp.swift */ = {isa = PBXFileReference; lastKnownFileType = sourcecode.swift; path = AMSPackingApp.swift; sourceTree = "<group>"; };
		A644B6F78A0C7B86EF26025E /* AMSPacking.app */ = {isa = PBXFileReference; includeInIndex = 0; lastKnownFileType = wrapper.application; path = AMSPacking.app; sourceTree = BUILT_PRODUCTS_DIR; };
		A78A30067C884BCEB042959A /* Sections.swift */ = {isa = PBXFileReference; lastKnownFileType = sourcecode.swift; path = Sections.swift; sourceTree = "<group>"; };
		AF39781FD9E90DDA3B6B2E30 /* SVGPath.swift */ = {isa = PBXFileReference; lastKnownFileType = sourcecode.swift; path = SVGPath.swift; sourceTree = "<group>"; };
		BA49BA1121FBB7576FC62E32 /* RootView.swift */ = {isa = PBXFileReference; lastKnownFileType = sourcecode.swift; path = RootView.swift; sourceTree = "<group>"; };
		C9BF0565DC8465EAD313C1A4 /* Core */ = {isa = PBXFileReference; lastKnownFileType = folder; name = Core; path = Core; sourceTree = SOURCE_ROOT; };
		E8B838F35360E8BDAF890124 /* Theme.swift */ = {isa = PBXFileReference; lastKnownFileType = sourcecode.swift; path = Theme.swift; sourceTree = "<group>"; };
/* End PBXFileReference section */

/* Begin PBXFrameworksBuildPhase section */
		2E672F3B4404434900AF039B /* Frameworks */ = {
			isa = PBXFrameworksBuildPhase;
			buildActionMask = 2147483647;
			files = (
				6A4E3AE89B7E1FF756858C13 /* PackingCore in Frameworks */,
			);
			runOnlyForDeploymentPostprocessing = 0;
		};
/* End PBXFrameworksBuildPhase section */

/* Begin PBXGroup section */
		12A3E13300E9537A30EEBF23 /* App */ = {
			isa = PBXGroup;
			children = (
				EE115942B9977F54036CB80F /* Resources */,
				E29816B8B03B7BF6A94B8A2E /* Sources */,
			);
			path = App;
			sourceTree = "<group>";
		};
		38CC5E8C14958BC00501840D /* Packages */ = {
			isa = PBXGroup;
			children = (
				C9BF0565DC8465EAD313C1A4 /* Core */,
			);
			name = Packages;
			sourceTree = "<group>";
		};
		3A9C8006EC382C3931513493 /* UITests */ = {
			isa = PBXGroup;
			children = (
				1E85BCAD34C27EEF9C85A644 /* AMSPackingUITests.swift */,
			);
			path = UITests;
			sourceTree = "<group>";
		};
		837A3C08EFD803BC99D4013C /* Products */ = {
			isa = PBXGroup;
			children = (
				A644B6F78A0C7B86EF26025E /* AMSPacking.app */,
				4E38CAC9C9C8FFA96DF061FC /* AMSPackingUITests.xctest */,
			);
			name = Products;
			sourceTree = "<group>";
		};
		E29816B8B03B7BF6A94B8A2E /* Sources */ = {
			isa = PBXGroup;
			children = (
				534AF493408BF588BA9222FF /* AMSPackingApp.swift */,
				BA49BA1121FBB7576FC62E32 /* RootView.swift */,
				A78A30067C884BCEB042959A /* Sections.swift */,
				AF39781FD9E90DDA3B6B2E30 /* SVGPath.swift */,
				E8B838F35360E8BDAF890124 /* Theme.swift */,
			);
			path = Sources;
			sourceTree = "<group>";
		};
		E6439097C0B6F92117E38AB1 = {
			isa = PBXGroup;
			children = (
				12A3E13300E9537A30EEBF23 /* App */,
				38CC5E8C14958BC00501840D /* Packages */,
				3A9C8006EC382C3931513493 /* UITests */,
				837A3C08EFD803BC99D4013C /* Products */,
			);
			sourceTree = "<group>";
		};
		EE115942B9977F54036CB80F /* Resources */ = {
			isa = PBXGroup;
			children = (
				1184D7CD5CC4D6E0ED18EEFE /* Assets.xcassets */,
			);
			path = Resources;
			sourceTree = "<group>";
		};
/* End PBXGroup section */

/* Begin PBXNativeTarget section */
		00D51DE0F2CEE7EC696DDA7A /* AMSPacking */ = {
			isa = PBXNativeTarget;
			buildConfigurationList = 17438BD47A18462E464C35CA /* Build configuration list for PBXNativeTarget "AMSPacking" */;
			buildPhases = (
				56CA30ED374F8F6C9B46BC9E /* Sources */,
				54613D25DFF30492CD5C28CB /* Resources */,
				2E672F3B4404434900AF039B /* Frameworks */,
			);
			buildRules = (
			);
			dependencies = (
			);
			name = AMSPacking;
			packageProductDependencies = (
				70431786B7003CDABC1162E4 /* PackingCore */,
			);
			productName = AMSPacking;
			productReference = A644B6F78A0C7B86EF26025E /* AMSPacking.app */;
			productType = "com.apple.product-type.application";
		};
		BF4325F5E922557960DA80F2 /* AMSPackingUITests */ = {
			isa = PBXNativeTarget;
			buildConfigurationList = 04F262CC3461F84BCF414C3C /* Build configuration list for PBXNativeTarget "AMSPackingUITests" */;
			buildPhases = (
				1335F80D57D0D6E21FF55B4A /* Sources */,
			);
			buildRules = (
			);
			dependencies = (
				F9AC9E15A42B2CD1507F6667 /* PBXTargetDependency */,
			);
			name = AMSPackingUITests;
			packageProductDependencies = (
			);
			productName = AMSPackingUITests;
			productReference = 4E38CAC9C9C8FFA96DF061FC /* AMSPackingUITests.xctest */;
			productType = "com.apple.product-type.bundle.ui-testing";
		};
/* End PBXNativeTarget section */

/* Begin PBXProject section */
		4110523AB54047158FA9D176 /* Project object */ = {
			isa = PBXProject;
			attributes = {
				BuildIndependentTargetsInParallel = YES;
				LastUpgradeCheck = 1430;
				TargetAttributes = {
					00D51DE0F2CEE7EC696DDA7A = {
						DevelopmentTeam = D24ENP83QQ;
						ProvisioningStyle = Automatic;
					};
					BF4325F5E922557960DA80F2 = {
						DevelopmentTeam = D24ENP83QQ;
						ProvisioningStyle = Automatic;
						TestTargetID = 00D51DE0F2CEE7EC696DDA7A;
					};
				};
			};
			buildConfigurationList = 8743686658ED777D0DE2D649 /* Build configuration list for PBXProject "AMSPacking" */;
			developmentRegion = en;
			hasScannedForEncodings = 0;
			knownRegions = (
				Base,
				en,
			);
			mainGroup = E6439097C0B6F92117E38AB1;
			minimizedProjectReferenceProxies = 1;
			packageReferences = (
				785624F7AC12B7503E24F5B0 /* XCLocalSwiftPackageReference "Core" */,
			);
			preferredProjectObjectVersion = 77;
			productRefGroup = 837A3C08EFD803BC99D4013C /* Products */;
			projectDirPath = "";
			projectRoot = "";
			targets = (
				00D51DE0F2CEE7EC696DDA7A /* AMSPacking */,
				BF4325F5E922557960DA80F2 /* AMSPackingUITests */,
			);
		};
/* End PBXProject section */

/* Begin PBXResourcesBuildPhase section */
		54613D25DFF30492CD5C28CB /* Resources */ = {
			isa = PBXResourcesBuildPhase;
			buildActionMask = 2147483647;
			files = (
				7489E41014894218A0EC730E /* Assets.xcassets in Resources */,
			);
			runOnlyForDeploymentPostprocessing = 0;
		};
/* End PBXResourcesBuildPhase section */

/* Begin PBXSourcesBuildPhase section */
		1335F80D57D0D6E21FF55B4A /* Sources */ = {
			isa = PBXSourcesBuildPhase;
			buildActionMask = 2147483647;
			files = (
				467EBA0027C10637FEA9E9B8 /* AMSPackingUITests.swift in Sources */,
			);
			runOnlyForDeploymentPostprocessing = 0;
		};
		56CA30ED374F8F6C9B46BC9E /* Sources */ = {
			isa = PBXSourcesBuildPhase;
			buildActionMask = 2147483647;
			files = (
				65370F8A541FE81A854B9DB4 /* AMSPackingApp.swift in Sources */,
				E726D1AAD07CB69C1F102F6A /* RootView.swift in Sources */,
				5547A0181FA977E7AFEB037F /* SVGPath.swift in Sources */,
				EB766063382A7E2DADC60C89 /* Sections.swift in Sources */,
				E0C4AB7AAF3294C75C4B5204 /* Theme.swift in Sources */,
			);
			runOnlyForDeploymentPostprocessing = 0;
		};
/* End PBXSourcesBuildPhase section */

/* Begin PBXTargetDependency section */
		F9AC9E15A42B2CD1507F6667 /* PBXTargetDependency */ = {
			isa = PBXTargetDependency;
			target = 00D51DE0F2CEE7EC696DDA7A /* AMSPacking */;
			targetProxy = 2613322954AD820AEFAAD8BC /* PBXContainerItemProxy */;
		};
/* End PBXTargetDependency section */

/* Begin XCBuildConfiguration section */
		0033A29424DED360F672BD63 /* Release */ = {
			isa = XCBuildConfiguration;
			buildSettings = {
				BUNDLE_LOADER = "$(TEST_HOST)";
				GENERATE_INFOPLIST_FILE = YES;
				LD_RUNPATH_SEARCH_PATHS = (
					"$(inherited)",
					"@executable_path/Frameworks",
					"@loader_path/Frameworks",
				);
				PRODUCT_BUNDLE_IDENTIFIER = com.schabbauer.AMSPackingUITests;
				SDKROOT = auto;
				SUPPORTED_PLATFORMS = "iphoneos iphonesimulator macosx";
				SUPPORTS_MACCATALYST = NO;
				SUPPORTS_MAC_DESIGNED_FOR_IPHONE_IPAD = NO;
				SUPPORTS_XR_DESIGNED_FOR_IPHONE_IPAD = YES;
				TARGETED_DEVICE_FAMILY = "1,2";
				TEST_TARGET_NAME = AMSPacking;
			};
			name = Release;
		};
		271FB5632F024EA225BDAFB7 /* Debug */ = {
			isa = XCBuildConfiguration;
			buildSettings = {
				BUNDLE_LOADER = "$(TEST_HOST)";
				GENERATE_INFOPLIST_FILE = YES;
				LD_RUNPATH_SEARCH_PATHS = (
					"$(inherited)",
					"@executable_path/Frameworks",
					"@loader_path/Frameworks",
				);
				PRODUCT_BUNDLE_IDENTIFIER = com.schabbauer.AMSPackingUITests;
				SDKROOT = auto;
				SUPPORTED_PLATFORMS = "iphoneos iphonesimulator macosx";
				SUPPORTS_MACCATALYST = NO;
				SUPPORTS_MAC_DESIGNED_FOR_IPHONE_IPAD = NO;
				SUPPORTS_XR_DESIGNED_FOR_IPHONE_IPAD = YES;
				TARGETED_DEVICE_FAMILY = "1,2";
				TEST_TARGET_NAME = AMSPacking;
			};
			name = Debug;
		};
		63A277DCE878E8BA372E5C1B /* Release */ = {
			isa = XCBuildConfiguration;
			buildSettings = {
				ASSETCATALOG_COMPILER_APPICON_NAME = AppIcon;
				ASSETCATALOG_COMPILER_GLOBAL_ACCENT_COLOR_NAME = AccentColor;
				CODE_SIGN_ENTITLEMENTS = App/Config/AMSPacking.entitlements;
				CODE_SIGN_IDENTITY = "iPhone Developer";
				GENERATE_INFOPLIST_FILE = NO;
				INFOPLIST_FILE = App/Config/Info.plist;
				INFOPLIST_KEY_UIApplicationSceneManifest_Generation = NO;
				LD_RUNPATH_SEARCH_PATHS = (
					"$(inherited)",
					"@executable_path/Frameworks",
				);
				PRODUCT_BUNDLE_IDENTIFIER = com.schabbauer.AMSPacking;
				SDKROOT = auto;
				SUPPORTED_PLATFORMS = "iphoneos iphonesimulator macosx";
				SUPPORTS_MACCATALYST = NO;
				SUPPORTS_MAC_DESIGNED_FOR_IPHONE_IPAD = NO;
				SUPPORTS_XR_DESIGNED_FOR_IPHONE_IPAD = YES;
				TARGETED_DEVICE_FAMILY = 1;
			};
			name = Release;
		};
		9F52B9D5DE87696BA535D90A /* Debug */ = {
			isa = XCBuildConfiguration;
			buildSettings = {
				ALWAYS_SEARCH_USER_PATHS = NO;
				CLANG_ANALYZER_NONNULL = YES;
				CLANG_ANALYZER_NUMBER_OBJECT_CONVERSION = YES_AGGRESSIVE;
				CLANG_CXX_LANGUAGE_STANDARD = "gnu++14";
				CLANG_CXX_LIBRARY = "libc++";
				CLANG_ENABLE_MODULES = YES;
				CLANG_ENABLE_OBJC_ARC = YES;
				CLANG_ENABLE_OBJC_WEAK = YES;
				CLANG_WARN_BLOCK_CAPTURE_AUTORELEASING = YES;
				CLANG_WARN_BOOL_CONVERSION = YES;
				CLANG_WARN_COMMA = YES;
				CLANG_WARN_CONSTANT_CONVERSION = YES;
				CLANG_WARN_DEPRECATED_OBJC_IMPLEMENTATIONS = YES;
				CLANG_WARN_DIRECT_OBJC_ISA_USAGE = YES_ERROR;
				CLANG_WARN_DOCUMENTATION_COMMENTS = YES;
				CLANG_WARN_EMPTY_BODY = YES;
				CLANG_WARN_ENUM_CONVERSION = YES;
				CLANG_WARN_INFINITE_RECURSION = YES;
				CLANG_WARN_INT_CONVERSION = YES;
				CLANG_WARN_NON_LITERAL_NULL_CONVERSION = YES;
				CLANG_WARN_OBJC_IMPLICIT_RETAIN_SELF = YES;
				CLANG_WARN_OBJC_LITERAL_CONVERSION = YES;
				CLANG_WARN_OBJC_ROOT_CLASS = YES_ERROR;
				CLANG_WARN_QUOTED_INCLUDE_IN_FRAMEWORK_HEADER = YES;
				CLANG_WARN_RANGE_LOOP_ANALYSIS = YES;
				CLANG_WARN_STRICT_PROTOTYPES = YES;
				CLANG_WARN_SUSPICIOUS_MOVE = YES;
				CLANG_WARN_UNGUARDED_AVAILABILITY = YES_AGGRESSIVE;
				CLANG_WARN_UNREACHABLE_CODE = YES;
				CLANG_WARN__DUPLICATE_METHOD_MATCH = YES;
				CODE_SIGN_STYLE = Automatic;
				COPY_PHASE_STRIP = NO;
				CURRENT_PROJECT_VERSION = 1;
				DEBUG_INFORMATION_FORMAT = dwarf;
				DEVELOPMENT_TEAM = D24ENP83QQ;
				ENABLE_STRICT_OBJC_MSGSEND = YES;
				ENABLE_TESTABILITY = YES;
				GCC_C_LANGUAGE_STANDARD = gnu11;
				GCC_DYNAMIC_NO_PIC = NO;
				GCC_NO_COMMON_BLOCKS = YES;
				GCC_OPTIMIZATION_LEVEL = 0;
				GCC_PREPROCESSOR_DEFINITIONS = (
					"$(inherited)",
					"DEBUG=1",
				);
				GCC_WARN_64_TO_32_BIT_CONVERSION = YES;
				GCC_WARN_ABOUT_RETURN_TYPE = YES_ERROR;
				GCC_WARN_UNDECLARED_SELECTOR = YES;
				GCC_WARN_UNINITIALIZED_AUTOS = YES_AGGRESSIVE;
				GCC_WARN_UNUSED_FUNCTION = YES;
				GCC_WARN_UNUSED_VARIABLE = YES;
				IPHONEOS_DEPLOYMENT_TARGET = 17.0;
				MACOSX_DEPLOYMENT_TARGET = 14.0;
				MARKETING_VERSION = 0.1;
				MTL_ENABLE_DEBUG_INFO = INCLUDE_SOURCE;
				MTL_FAST_MATH = YES;
				ONLY_ACTIVE_ARCH = YES;
				PRODUCT_NAME = "$(TARGET_NAME)";
				SDKROOT = auto;
				SWIFT_ACTIVE_COMPILATION_CONDITIONS = DEBUG;
				SWIFT_OPTIMIZATION_LEVEL = "-Onone";
				SWIFT_VERSION = 5.0;
			};
			name = Debug;
		};
		D99C1245564845F2E33DEFE4 /* Debug */ = {
			isa = XCBuildConfiguration;
			buildSettings = {
				ASSETCATALOG_COMPILER_APPICON_NAME = AppIcon;
				ASSETCATALOG_COMPILER_GLOBAL_ACCENT_COLOR_NAME = AccentColor;
				CODE_SIGN_ENTITLEMENTS = App/Config/AMSPacking.entitlements;
				CODE_SIGN_IDENTITY = "iPhone Developer";
				GENERATE_INFOPLIST_FILE = NO;
				INFOPLIST_FILE = App/Config/Info.plist;
				INFOPLIST_KEY_UIApplicationSceneManifest_Generation = NO;
				LD_RUNPATH_SEARCH_PATHS = (
					"$(inherited)",
					"@executable_path/Frameworks",
				);
				PRODUCT_BUNDLE_IDENTIFIER = com.schabbauer.AMSPacking;
				SDKROOT = auto;
				SUPPORTED_PLATFORMS = "iphoneos iphonesimulator macosx";
				SUPPORTS_MACCATALYST = NO;
				SUPPORTS_MAC_DESIGNED_FOR_IPHONE_IPAD = NO;
				SUPPORTS_XR_DESIGNED_FOR_IPHONE_IPAD = YES;
				TARGETED_DEVICE_FAMILY = 1;
			};
			name = Debug;
		};
		DF43E22D67CF817DA7C89971 /* Release */ = {
			isa = XCBuildConfiguration;
			buildSettings = {
				ALWAYS_SEARCH_USER_PATHS = NO;
				CLANG_ANALYZER_NONNULL = YES;
				CLANG_ANALYZER_NUMBER_OBJECT_CONVERSION = YES_AGGRESSIVE;
				CLANG_CXX_LANGUAGE_STANDARD = "gnu++14";
				CLANG_CXX_LIBRARY = "libc++";
				CLANG_ENABLE_MODULES = YES;
				CLANG_ENABLE_OBJC_ARC = YES;
				CLANG_ENABLE_OBJC_WEAK = YES;
				CLANG_WARN_BLOCK_CAPTURE_AUTORELEASING = YES;
				CLANG_WARN_BOOL_CONVERSION = YES;
				CLANG_WARN_COMMA = YES;
				CLANG_WARN_CONSTANT_CONVERSION = YES;
				CLANG_WARN_DEPRECATED_OBJC_IMPLEMENTATIONS = YES;
				CLANG_WARN_DIRECT_OBJC_ISA_USAGE = YES_ERROR;
				CLANG_WARN_DOCUMENTATION_COMMENTS = YES;
				CLANG_WARN_EMPTY_BODY = YES;
				CLANG_WARN_ENUM_CONVERSION = YES;
				CLANG_WARN_INFINITE_RECURSION = YES;
				CLANG_WARN_INT_CONVERSION = YES;
				CLANG_WARN_NON_LITERAL_NULL_CONVERSION = YES;
				CLANG_WARN_OBJC_IMPLICIT_RETAIN_SELF = YES;
				CLANG_WARN_OBJC_LITERAL_CONVERSION = YES;
				CLANG_WARN_OBJC_ROOT_CLASS = YES_ERROR;
				CLANG_WARN_QUOTED_INCLUDE_IN_FRAMEWORK_HEADER = YES;
				CLANG_WARN_RANGE_LOOP_ANALYSIS = YES;
				CLANG_WARN_STRICT_PROTOTYPES = YES;
				CLANG_WARN_SUSPICIOUS_MOVE = YES;
				CLANG_WARN_UNGUARDED_AVAILABILITY = YES_AGGRESSIVE;
				CLANG_WARN_UNREACHABLE_CODE = YES;
				CLANG_WARN__DUPLICATE_METHOD_MATCH = YES;
				CODE_SIGN_STYLE = Automatic;
				COPY_PHASE_STRIP = NO;
				CURRENT_PROJECT_VERSION = 1;
				DEBUG_INFORMATION_FORMAT = "dwarf-with-dsym";
				DEVELOPMENT_TEAM = D24ENP83QQ;
				ENABLE_NS_ASSERTIONS = NO;
				ENABLE_STRICT_OBJC_MSGSEND = YES;
				GCC_C_LANGUAGE_STANDARD = gnu11;
				GCC_NO_COMMON_BLOCKS = YES;
				GCC_WARN_64_TO_32_BIT_CONVERSION = YES;
				GCC_WARN_ABOUT_RETURN_TYPE = YES_ERROR;
				GCC_WARN_UNDECLARED_SELECTOR = YES;
				GCC_WARN_UNINITIALIZED_AUTOS = YES_AGGRESSIVE;
				GCC_WARN_UNUSED_FUNCTION = YES;
				GCC_WARN_UNUSED_VARIABLE = YES;
				IPHONEOS_DEPLOYMENT_TARGET = 17.0;
				MACOSX_DEPLOYMENT_TARGET = 14.0;
				MARKETING_VERSION = 0.1;
				MTL_ENABLE_DEBUG_INFO = NO;
				MTL_FAST_MATH = YES;
				PRODUCT_NAME = "$(TARGET_NAME)";
				SDKROOT = auto;
				SWIFT_COMPILATION_MODE = wholemodule;
				SWIFT_OPTIMIZATION_LEVEL = "-O";
				SWIFT_VERSION = 5.0;
			};
			name = Release;
		};
/* End XCBuildConfiguration section */

/* Begin XCConfigurationList section */
		04F262CC3461F84BCF414C3C /* Build configuration list for PBXNativeTarget "AMSPackingUITests" */ = {
			isa = XCConfigurationList;
			buildConfigurations = (
				271FB5632F024EA225BDAFB7 /* Debug */,
				0033A29424DED360F672BD63 /* Release */,
			);
			defaultConfigurationIsVisible = 0;
			defaultConfigurationName = Debug;
		};
		17438BD47A18462E464C35CA /* Build configuration list for PBXNativeTarget "AMSPacking" */ = {
			isa = XCConfigurationList;
			buildConfigurations = (
				D99C1245564845F2E33DEFE4 /* Debug */,
				63A277DCE878E8BA372E5C1B /* Release */,
			);
			defaultConfigurationIsVisible = 0;
			defaultConfigurationName = Debug;
		};
		8743686658ED777D0DE2D649 /* Build configuration list for PBXProject "AMSPacking" */ = {
			isa = XCConfigurationList;
			buildConfigurations = (
				9F52B9D5DE87696BA535D90A /* Debug */,
				DF43E22D67CF817DA7C89971 /* Release */,
			);
			defaultConfigurationIsVisible = 0;
			defaultConfigurationName = Debug;
		};
/* End XCConfigurationList section */

/* Begin XCLocalSwiftPackageReference section */
		785624F7AC12B7503E24F5B0 /* XCLocalSwiftPackageReference "Core" */ = {
			isa = XCLocalSwiftPackageReference;
			relativePath = Core;
		};
/* End XCLocalSwiftPackageReference section */

/* Begin XCSwiftPackageProductDependency section */
		70431786B7003CDABC1162E4 /* PackingCore */ = {
			isa = XCSwiftPackageProductDependency;
			productName = PackingCore;
		};
/* End XCSwiftPackageProductDependency section */
	};
	rootObject = 4110523AB54047158FA9D176 /* Project object */;
}
