// !$*UTF8*$!
{
	archiveVersion = 1;
	classes = {
	};
	objectVersion = 77;
	objects = {

/* Begin PBXBuildFile section */
		09A4001328DA54940464A34D /* ThingsTable.swift in Sources */ = {isa = PBXBuildFile; fileRef = 7B24F2617CC7D137784F66F2 /* ThingsTable.swift */; };
		09F3E0420C97A7ACAD957284 /* ReviewScreen.swift in Sources */ = {isa = PBXBuildFile; fileRef = 84D38B8F1FFBA5FF61854300 /* ReviewScreen.swift */; };
		0A6B0C9DBEE6264A11D02837 /* ListsScreen.swift in Sources */ = {isa = PBXBuildFile; fileRef = 258F81799F958E5C5EF112C5 /* ListsScreen.swift */; };
		0F41CCC6A6FA838132BAE3F9 /* Today.swift in Sources */ = {isa = PBXBuildFile; fileRef = 35352F3BD8D2A7EE166961C9 /* Today.swift */; };
		111BC4A8834AC71DDE886D32 /* GrabShelfScreen.swift in Sources */ = {isa = PBXBuildFile; fileRef = 09188E6ECCD40487862AB202 /* GrabShelfScreen.swift */; };
		1F41F6F92A8B0D398E72CD7C /* ThingsScreen.swift in Sources */ = {isa = PBXBuildFile; fileRef = ED9B041225333263C7547689 /* ThingsScreen.swift */; };
		21419C900E931B9CBE73B314 /* BuyList.swift in Sources */ = {isa = PBXBuildFile; fileRef = C63D25C9AA00E03651D86114 /* BuyList.swift */; };
		23460B987C576F673AE6DA2A /* GrabScreen.swift in Sources */ = {isa = PBXBuildFile; fileRef = 1E01A9E0DEC947610C0F642D /* GrabScreen.swift */; };
		3258A7D9609579F193DF2505 /* DateRangePicker.swift in Sources */ = {isa = PBXBuildFile; fileRef = 200B88877006E1F006B96632 /* DateRangePicker.swift */; };
		39B87583182066477449515D /* GuideScreen.swift in Sources */ = {isa = PBXBuildFile; fileRef = CBD18490EE2F12EF48CF3599 /* GuideScreen.swift */; };
		467EBA0027C10637FEA9E9B8 /* AMSPackingUITests.swift in Sources */ = {isa = PBXBuildFile; fileRef = 1E85BCAD34C27EEF9C85A644 /* AMSPackingUITests.swift */; };
		4D8BC6C9156CCE2B2D8024DA /* FirstRunView.swift in Sources */ = {isa = PBXBuildFile; fileRef = D92F0E3A8310A4DC718C68EB /* FirstRunView.swift */; };
		5547A0181FA977E7AFEB037F /* SVGPath.swift in Sources */ = {isa = PBXBuildFile; fileRef = AF39781FD9E90DDA3B6B2E30 /* SVGPath.swift */; };
		622AD0B67DC095DE2E934855 /* Forecast.swift in Sources */ = {isa = PBXBuildFile; fileRef = 09CEA44FC29BD0EB0658E8C9 /* Forecast.swift */; };
		65370F8A541FE81A854B9DB4 /* AMSPackingApp.swift in Sources */ = {isa = PBXBuildFile; fileRef = 534AF493408BF588BA9222FF /* AMSPackingApp.swift */; };
		6A2E2EBA4741768E52BD87B0 /* HomeScreen.swift in Sources */ = {isa = PBXBuildFile; fileRef = 403A4735005582B356D67F55 /* HomeScreen.swift */; };
		6A4E3AE89B7E1FF756858C13 /* PackingCore in Frameworks */ = {isa = PBXBuildFile; productRef = 70431786B7003CDABC1162E4 /* PackingCore */; };
		7489E41014894218A0EC730E /* Assets.xcassets in Resources */ = {isa = PBXBuildFile; fileRef = 1184D7CD5CC4D6E0ED18EEFE /* Assets.xcassets */; };
		80E3669131BEA0D1C726A660 /* Releases.swift in Sources */ = {isa = PBXBuildFile; fileRef = 2F6B09947C62AF9C62758EFD /* Releases.swift */; };
		811DE93961FA9F60010FF93D /* WeatherCard.swift in Sources */ = {isa = PBXBuildFile; fileRef = 2C47276F0BCDA224A5AD23B1 /* WeatherCard.swift */; };
		8BFE6DA316436719B57AA594 /* RestoreSheet.swift in Sources */ = {isa = PBXBuildFile; fileRef = 34879BF77676913C07B69267 /* RestoreSheet.swift */; };
		8E1AF01FB9C11A59C8A57753 /* EventsScreen.swift in Sources */ = {isa = PBXBuildFile; fileRef = 77CEDA06EFED05D4A1612077 /* EventsScreen.swift */; };
		A209E8431750B053EF5BF0C0 /* TableColumns.swift in Sources */ = {isa = PBXBuildFile; fileRef = 5844FD1A40A106FF0878B093 /* TableColumns.swift */; };
		A91364AA45735D8C67B4059B /* SmallDelete.swift in Sources */ = {isa = PBXBuildFile; fileRef = 6C33289BF160D459176D7669 /* SmallDelete.swift */; };
		A990ED272C2ED09E248E10CA /* TemplatesScreen.swift in Sources */ = {isa = PBXBuildFile; fileRef = 0AC47170406600EB5ADFCE37 /* TemplatesScreen.swift */; };
		AEC09A016E6CEAD021B5D4C6 /* SearchScreen.swift in Sources */ = {isa = PBXBuildFile; fileRef = F1CE8693CFF4B56DD044E844 /* SearchScreen.swift */; };
		AF85EC370F9D809E983BE0AF /* ActionsScreen.swift in Sources */ = {isa = PBXBuildFile; fileRef = 9C42481A42DC3DDDDD9E3093 /* ActionsScreen.swift */; };
		B0146791FB8C81B41DD6DBFE /* TripScreen.swift in Sources */ = {isa = PBXBuildFile; fileRef = 878AF15AECFDDAD02F227DDD /* TripScreen.swift */; };
		B1070E8FEA2D20959B29BA24 /* LibraryModel.swift in Sources */ = {isa = PBXBuildFile; fileRef = E85262A8D75E3FFA9A6E252A /* LibraryModel.swift */; };
		B12DB1EFB4C1873E0CF2716B /* SettingsScreen.swift in Sources */ = {isa = PBXBuildFile; fileRef = 3A74DCE749078F203A8E87BF /* SettingsScreen.swift */; };
		B91D523B507CE19FCAC1D86B /* CloudStore.swift in Sources */ = {isa = PBXBuildFile; fileRef = A841D9340C8D1312A6814431 /* CloudStore.swift */; };
		BF087815D061CD62456DEDDC /* CareScreen.swift in Sources */ = {isa = PBXBuildFile; fileRef = 56F5604CA6875D255BD93251 /* CareScreen.swift */; };
		C02FC3669DC004D8B6C4BBC7 /* BulkChange.swift in Sources */ = {isa = PBXBuildFile; fileRef = 1E0A839566CDE77B068F47C5 /* BulkChange.swift */; };
		C71A0323F1D4E4CFC1A8B0F2 /* CareCalendarView.swift in Sources */ = {isa = PBXBuildFile; fileRef = DAA70675722BC29FD43EA3BE /* CareCalendarView.swift */; };
		C975EB375CF35E51BCE753A4 /* SampleLibrary.swift in Sources */ = {isa = PBXBuildFile; fileRef = 47B0D4E3ECA5F83EFE0C91C0 /* SampleLibrary.swift */; };
		CB68D90AEA6B080067EE8BCB /* NewList.swift in Sources */ = {isa = PBXBuildFile; fileRef = 2C5987DFEB47FC294A078D4D /* NewList.swift */; };
		D0D4A2EA2FA240B7D980E71C /* KitDashboard.swift in Sources */ = {isa = PBXBuildFile; fileRef = 112E88E5E56E46CAA3F002CE /* KitDashboard.swift */; };
		D4F50ECCC88F8FE89A931EFC /* BagsCard.swift in Sources */ = {isa = PBXBuildFile; fileRef = C41F92CE24B4D203B69B5870 /* BagsCard.swift */; };
		D509F70319744E67DEBE955A /* RescueCopies.swift in Sources */ = {isa = PBXBuildFile; fileRef = F7D04BC7E8B4F98109CE6770 /* RescueCopies.swift */; };
		D5D12FDA2CC5B6443B769608 /* PackingLibrary in Frameworks */ = {isa = PBXBuildFile; productRef = 00FE6A96F5083A4802B251C6 /* PackingLibrary */; };
		E0C4AB7AAF3294C75C4B5204 /* Theme.swift in Sources */ = {isa = PBXBuildFile; fileRef = E8B838F35360E8BDAF890124 /* Theme.swift */; };
		E26E2B17454694BAA27BDCE1 /* ContainersScreen.swift in Sources */ = {isa = PBXBuildFile; fileRef = 3D6FFFE59377217C97261D66 /* ContainersScreen.swift */; };
		E726D1AAD07CB69C1F102F6A /* RootView.swift in Sources */ = {isa = PBXBuildFile; fileRef = BA49BA1121FBB7576FC62E32 /* RootView.swift */; };
		EB766063382A7E2DADC60C89 /* Sections.swift in Sources */ = {isa = PBXBuildFile; fileRef = A78A30067C884BCEB042959A /* Sections.swift */; };
		F547B210B31D99C35F89FC3E /* BagDetail.swift in Sources */ = {isa = PBXBuildFile; fileRef = B81D1DC40B7BE148110F1C91 /* BagDetail.swift */; };
/* End PBXBuildFile section */

/* Begin PBXContainerItemProxy section */
		2613322954AD820AEFAAD8BC /* PBXContainerItemProxy */ = {
			isa = PBXContainerItemProxy;
			containerPortal = 4110523AB54047158FA9D176 /* Project object */;
			proxyType = 1;
			remoteGlobalIDString = 00D51DE0F2CEE7EC696DDA7A;
			remoteInfo = AMSPacking;
		};
/* End PBXContainerItemProxy section */

/* Begin PBXFileReference section */
		09188E6ECCD40487862AB202 /* GrabShelfScreen.swift */ = {isa = PBXFileReference; lastKnownFileType = sourcecode.swift; path = GrabShelfScreen.swift; sourceTree = "<group>"; };
		09CEA44FC29BD0EB0658E8C9 /* Forecast.swift */ = {isa = PBXFileReference; lastKnownFileType = sourcecode.swift; path = Forecast.swift; sourceTree = "<group>"; };
		0AC47170406600EB5ADFCE37 /* TemplatesScreen.swift */ = {isa = PBXFileReference; lastKnownFileType = sourcecode.swift; path = TemplatesScreen.swift; sourceTree = "<group>"; };
		112E88E5E56E46CAA3F002CE /* KitDashboard.swift */ = {isa = PBXFileReference; lastKnownFileType = sourcecode.swift; path = KitDashboard.swift; sourceTree = "<group>"; };
		1184D7CD5CC4D6E0ED18EEFE /* Assets.xcassets */ = {isa = PBXFileReference; lastKnownFileType = folder.assetcatalog; path = Assets.xcassets; sourceTree = "<group>"; };
		1E01A9E0DEC947610C0F642D /* GrabScreen.swift */ = {isa = PBXFileReference; lastKnownFileType = sourcecode.swift; path = GrabScreen.swift; sourceTree = "<group>"; };
		1E0A839566CDE77B068F47C5 /* BulkChange.swift */ = {isa = PBXFileReference; lastKnownFileType = sourcecode.swift; path = BulkChange.swift; sourceTree = "<group>"; };
		1E85BCAD34C27EEF9C85A644 /* AMSPackingUITests.swift */ = {isa = PBXFileReference; lastKnownFileType = sourcecode.swift; path = AMSPackingUITests.swift; sourceTree = "<group>"; };
		200B88877006E1F006B96632 /* DateRangePicker.swift */ = {isa = PBXFileReference; lastKnownFileType = sourcecode.swift; path = DateRangePicker.swift; sourceTree = "<group>"; };
		258F81799F958E5C5EF112C5 /* ListsScreen.swift */ = {isa = PBXFileReference; lastKnownFileType = sourcecode.swift; path = ListsScreen.swift; sourceTree = "<group>"; };
		2C47276F0BCDA224A5AD23B1 /* WeatherCard.swift */ = {isa = PBXFileReference; lastKnownFileType = sourcecode.swift; path = WeatherCard.swift; sourceTree = "<group>"; };
		2C5987DFEB47FC294A078D4D /* NewList.swift */ = {isa = PBXFileReference; lastKnownFileType = sourcecode.swift; path = NewList.swift; sourceTree = "<group>"; };
		2F6B09947C62AF9C62758EFD /* Releases.swift */ = {isa = PBXFileReference; lastKnownFileType = sourcecode.swift; path = Releases.swift; sourceTree = "<group>"; };
		34879BF77676913C07B69267 /* RestoreSheet.swift */ = {isa = PBXFileReference; lastKnownFileType = sourcecode.swift; path = RestoreSheet.swift; sourceTree = "<group>"; };
		35352F3BD8D2A7EE166961C9 /* Today.swift */ = {isa = PBXFileReference; lastKnownFileType = sourcecode.swift; path = Today.swift; sourceTree = "<group>"; };
		3A74DCE749078F203A8E87BF /* SettingsScreen.swift */ = {isa = PBXFileReference; lastKnownFileType = sourcecode.swift; path = SettingsScreen.swift; sourceTree = "<group>"; };
		3D6FFFE59377217C97261D66 /* ContainersScreen.swift */ = {isa = PBXFileReference; lastKnownFileType = sourcecode.swift; path = ContainersScreen.swift; sourceTree = "<group>"; };
		403A4735005582B356D67F55 /* HomeScreen.swift */ = {isa = PBXFileReference; lastKnownFileType = sourcecode.swift; path = HomeScreen.swift; sourceTree = "<group>"; };
		47B0D4E3ECA5F83EFE0C91C0 /* SampleLibrary.swift */ = {isa = PBXFileReference; lastKnownFileType = sourcecode.swift; path = SampleLibrary.swift; sourceTree = "<group>"; };
		4E38CAC9C9C8FFA96DF061FC /* AMSPackingUITests.xctest */ = {isa = PBXFileReference; includeInIndex = 0; lastKnownFileType = wrapper.cfbundle; path = AMSPackingUITests.xctest; sourceTree = BUILT_PRODUCTS_DIR; };
		534AF493408BF588BA9222FF /* AMSPackingApp.swift */ = {isa = PBXFileReference; lastKnownFileType = sourcecode.swift; path = AMSPackingApp.swift; sourceTree = "<group>"; };
		56F5604CA6875D255BD93251 /* CareScreen.swift */ = {isa = PBXFileReference; lastKnownFileType = sourcecode.swift; path = CareScreen.swift; sourceTree = "<group>"; };
		5844FD1A40A106FF0878B093 /* TableColumns.swift */ = {isa = PBXFileReference; lastKnownFileType = sourcecode.swift; path = TableColumns.swift; sourceTree = "<group>"; };
		6C33289BF160D459176D7669 /* SmallDelete.swift */ = {isa = PBXFileReference; lastKnownFileType = sourcecode.swift; path = SmallDelete.swift; sourceTree = "<group>"; };
		77CEDA06EFED05D4A1612077 /* EventsScreen.swift */ = {isa = PBXFileReference; lastKnownFileType = sourcecode.swift; path = EventsScreen.swift; sourceTree = "<group>"; };
		7B24F2617CC7D137784F66F2 /* ThingsTable.swift */ = {isa = PBXFileReference; lastKnownFileType = sourcecode.swift; path = ThingsTable.swift; sourceTree = "<group>"; };
		84D38B8F1FFBA5FF61854300 /* ReviewScreen.swift */ = {isa = PBXFileReference; lastKnownFileType = sourcecode.swift; path = ReviewScreen.swift; sourceTree = "<group>"; };
		878AF15AECFDDAD02F227DDD /* TripScreen.swift */ = {isa = PBXFileReference; lastKnownFileType = sourcecode.swift; path = TripScreen.swift; sourceTree = "<group>"; };
		9C42481A42DC3DDDDD9E3093 /* ActionsScreen.swift */ = {isa = PBXFileReference; lastKnownFileType = sourcecode.swift; path = ActionsScreen.swift; sourceTree = "<group>"; };
		A644B6F78A0C7B86EF26025E /* AMSPacking.app */ = {isa = PBXFileReference; includeInIndex = 0; lastKnownFileType = wrapper.application; path = AMSPacking.app; sourceTree = BUILT_PRODUCTS_DIR; };
		A78A30067C884BCEB042959A /* Sections.swift */ = {isa = PBXFileReference; lastKnownFileType = sourcecode.swift; path = Sections.swift; sourceTree = "<group>"; };
		A841D9340C8D1312A6814431 /* CloudStore.swift */ = {isa = PBXFileReference; lastKnownFileType = sourcecode.swift; path = CloudStore.swift; sourceTree = "<group>"; };
		AF39781FD9E90DDA3B6B2E30 /* SVGPath.swift */ = {isa = PBXFileReference; lastKnownFileType = sourcecode.swift; path = SVGPath.swift; sourceTree = "<group>"; };
		B81D1DC40B7BE148110F1C91 /* BagDetail.swift */ = {isa = PBXFileReference; lastKnownFileType = sourcecode.swift; path = BagDetail.swift; sourceTree = "<group>"; };
		BA49BA1121FBB7576FC62E32 /* RootView.swift */ = {isa = PBXFileReference; lastKnownFileType = sourcecode.swift; path = RootView.swift; sourceTree = "<group>"; };
		C41F92CE24B4D203B69B5870 /* BagsCard.swift */ = {isa = PBXFileReference; lastKnownFileType = sourcecode.swift; path = BagsCard.swift; sourceTree = "<group>"; };
		C63D25C9AA00E03651D86114 /* BuyList.swift */ = {isa = PBXFileReference; lastKnownFileType = sourcecode.swift; path = BuyList.swift; sourceTree = "<group>"; };
		C9BF0565DC8465EAD313C1A4 /* Core */ = {isa = PBXFileReference; lastKnownFileType = folder; name = Core; path = Core; sourceTree = SOURCE_ROOT; };
		CBD18490EE2F12EF48CF3599 /* GuideScreen.swift */ = {isa = PBXFileReference; lastKnownFileType = sourcecode.swift; path = GuideScreen.swift; sourceTree = "<group>"; };
		D92F0E3A8310A4DC718C68EB /* FirstRunView.swift */ = {isa = PBXFileReference; lastKnownFileType = sourcecode.swift; path = FirstRunView.swift; sourceTree = "<group>"; };
		DAA70675722BC29FD43EA3BE /* CareCalendarView.swift */ = {isa = PBXFileReference; lastKnownFileType = sourcecode.swift; path = CareCalendarView.swift; sourceTree = "<group>"; };
		E85262A8D75E3FFA9A6E252A /* LibraryModel.swift */ = {isa = PBXFileReference; lastKnownFileType = sourcecode.swift; path = LibraryModel.swift; sourceTree = "<group>"; };
		E8B838F35360E8BDAF890124 /* Theme.swift */ = {isa = PBXFileReference; lastKnownFileType = sourcecode.swift; path = Theme.swift; sourceTree = "<group>"; };
		ED9B041225333263C7547689 /* ThingsScreen.swift */ = {isa = PBXFileReference; lastKnownFileType = sourcecode.swift; path = ThingsScreen.swift; sourceTree = "<group>"; };
		F1CE8693CFF4B56DD044E844 /* SearchScreen.swift */ = {isa = PBXFileReference; lastKnownFileType = sourcecode.swift; path = SearchScreen.swift; sourceTree = "<group>"; };
		F7D04BC7E8B4F98109CE6770 /* RescueCopies.swift */ = {isa = PBXFileReference; lastKnownFileType = sourcecode.swift; path = RescueCopies.swift; sourceTree = "<group>"; };
/* End PBXFileReference section */

/* Begin PBXFrameworksBuildPhase section */
		2E672F3B4404434900AF039B /* Frameworks */ = {
			isa = PBXFrameworksBuildPhase;
			buildActionMask = 2147483647;
			files = (
				6A4E3AE89B7E1FF756858C13 /* PackingCore in Frameworks */,
				D5D12FDA2CC5B6443B769608 /* PackingLibrary in Frameworks */,
			);
			runOnlyForDeploymentPostprocessing = 0;
		};
/* End PBXFrameworksBuildPhase section */

/* Begin PBXGroup section */
		12A3E13300E9537A30EEBF23 /* App */ = {
			isa = PBXGroup;
			children = (
				EE115942B9977F54036CB80F /* Resources */,
				E29816B8B03B7BF6A94B8A2E /* Sources */,
			);
			path = App;
			sourceTree = "<group>";
		};
		38CC5E8C14958BC00501840D /* Packages */ = {
			isa = PBXGroup;
			children = (
				C9BF0565DC8465EAD313C1A4 /* Core */,
			);
			name = Packages;
			sourceTree = "<group>";
		};
		3A9C8006EC382C3931513493 /* UITests */ = {
			isa = PBXGroup;
			children = (
				1E85BCAD34C27EEF9C85A644 /* AMSPackingUITests.swift */,
			);
			path = UITests;
			sourceTree = "<group>";
		};
		3E1527CF220D54552190EE7D /* Guide */ = {
			isa = PBXGroup;
			children = (
				CBD18490EE2F12EF48CF3599 /* GuideScreen.swift */,
				2F6B09947C62AF9C62758EFD /* Releases.swift */,
			);
			path = Guide;
			sourceTree = "<group>";
		};
		521FDCA33F67871678AF4426 /* Store */ = {
			isa = PBXGroup;
			children = (
				A841D9340C8D1312A6814431 /* CloudStore.swift */,
				09CEA44FC29BD0EB0658E8C9 /* Forecast.swift */,
				E85262A8D75E3FFA9A6E252A /* LibraryModel.swift */,
				F7D04BC7E8B4F98109CE6770 /* RescueCopies.swift */,
				47B0D4E3ECA5F83EFE0C91C0 /* SampleLibrary.swift */,
				35352F3BD8D2A7EE166961C9 /* Today.swift */,
			);
			path = Store;
			sourceTree = "<group>";
		};
		837A3C08EFD803BC99D4013C /* Products */ = {
			isa = PBXGroup;
			children = (
				A644B6F78A0C7B86EF26025E /* AMSPacking.app */,
				4E38CAC9C9C8FFA96DF061FC /* AMSPackingUITests.xctest */,
			);
			name = Products;
			sourceTree = "<group>";
		};
		E29816B8B03B7BF6A94B8A2E /* Sources */ = {
			isa = PBXGroup;
			children = (
				534AF493408BF588BA9222FF /* AMSPackingApp.swift */,
				BA49BA1121FBB7576FC62E32 /* RootView.swift */,
				A78A30067C884BCEB042959A /* Sections.swift */,
				AF39781FD9E90DDA3B6B2E30 /* SVGPath.swift */,
				E8B838F35360E8BDAF890124 /* Theme.swift */,
				3E1527CF220D54552190EE7D /* Guide */,
				F78D4AAA642932CAA25AC022 /* Screens */,
				521FDCA33F67871678AF4426 /* Store */,
			);
			path = Sources;
			sourceTree = "<group>";
		};
		E6439097C0B6F92117E38AB1 = {
			isa = PBXGroup;
			children = (
				12A3E13300E9537A30EEBF23 /* App */,
				38CC5E8C14958BC00501840D /* Packages */,
				3A9C8006EC382C3931513493 /* UITests */,
				837A3C08EFD803BC99D4013C /* Products */,
			);
			sourceTree = "<group>";
		};
		EE115942B9977F54036CB80F /* Resources */ = {
			isa = PBXGroup;
			children = (
				1184D7CD5CC4D6E0ED18EEFE /* Assets.xcassets */,
			);
			path = Resources;
			sourceTree = "<group>";
		};
		F78D4AAA642932CAA25AC022 /* Screens */ = {
			isa = PBXGroup;
			children = (
				9C42481A42DC3DDDDD9E3093 /* ActionsScreen.swift */,
				B81D1DC40B7BE148110F1C91 /* BagDetail.swift */,
				C41F92CE24B4D203B69B5870 /* BagsCard.swift */,
				1E0A839566CDE77B068F47C5 /* BulkChange.swift */,
				C63D25C9AA00E03651D86114 /* BuyList.swift */,
				DAA70675722BC29FD43EA3BE /* CareCalendarView.swift */,
				56F5604CA6875D255BD93251 /* CareScreen.swift */,
				3D6FFFE59377217C97261D66 /* ContainersScreen.swift */,
				200B88877006E1F006B96632 /* DateRangePicker.swift */,
				77CEDA06EFED05D4A1612077 /* EventsScreen.swift */,
				D92F0E3A8310A4DC718C68EB /* FirstRunView.swift */,
				1E01A9E0DEC947610C0F642D /* GrabScreen.swift */,
				09188E6ECCD40487862AB202 /* GrabShelfScreen.swift */,
				403A4735005582B356D67F55 /* HomeScreen.swift */,
				112E88E5E56E46CAA3F002CE /* KitDashboard.swift */,
				258F81799F958E5C5EF112C5 /* ListsScreen.swift */,
				2C5987DFEB47FC294A078D4D /* NewList.swift */,
				34879BF77676913C07B69267 /* RestoreSheet.swift */,
				84D38B8F1FFBA5FF61854300 /* ReviewScreen.swift */,
				F1CE8693CFF4B56DD044E844 /* SearchScreen.swift */,
				3A74DCE749078F203A8E87BF /* SettingsScreen.swift */,
				6C33289BF160D459176D7669 /* SmallDelete.swift */,
				5844FD1A40A106FF0878B093 /* TableColumns.swift */,
				0AC47170406600EB5ADFCE37 /* TemplatesScreen.swift */,
				ED9B041225333263C7547689 /* ThingsScreen.swift */,
				7B24F2617CC7D137784F66F2 /* ThingsTable.swift */,
				878AF15AECFDDAD02F227DDD /* TripScreen.swift */,
				2C47276F0BCDA224A5AD23B1 /* WeatherCard.swift */,
			);
			path = Screens;
			sourceTree = "<group>";
		};
/* End PBXGroup section */

/* Begin PBXNativeTarget section */
		00D51DE0F2CEE7EC696DDA7A /* AMSPacking */ = {
			isa = PBXNativeTarget;
			buildConfigurationList = 17438BD47A18462E464C35CA /* Build configuration list for PBXNativeTarget "AMSPacking" */;
			buildPhases = (
				56CA30ED374F8F6C9B46BC9E /* Sources */,
				54613D25DFF30492CD5C28CB /* Resources */,
				2E672F3B4404434900AF039B /* Frameworks */,
			);
			buildRules = (
			);
			dependencies = (
			);
			name = AMSPacking;
			packageProductDependencies = (
				70431786B7003CDABC1162E4 /* PackingCore */,
				00FE6A96F5083A4802B251C6 /* PackingLibrary */,
			);
			productName = AMSPacking;
			productReference = A644B6F78A0C7B86EF26025E /* AMSPacking.app */;
			productType = "com.apple.product-type.application";
		};
		BF4325F5E922557960DA80F2 /* AMSPackingUITests */ = {
			isa = PBXNativeTarget;
			buildConfigurationList = 04F262CC3461F84BCF414C3C /* Build configuration list for PBXNativeTarget "AMSPackingUITests" */;
			buildPhases = (
				1335F80D57D0D6E21FF55B4A /* Sources */,
			);
			buildRules = (
			);
			dependencies = (
				F9AC9E15A42B2CD1507F6667 /* PBXTargetDependency */,
			);
			name = AMSPackingUITests;
			packageProductDependencies = (
			);
			productName = AMSPackingUITests;
			productReference = 4E38CAC9C9C8FFA96DF061FC /* AMSPackingUITests.xctest */;
			productType = "com.apple.product-type.bundle.ui-testing";
		};
/* End PBXNativeTarget section */

/* Begin PBXProject section */
		4110523AB54047158FA9D176 /* Project object */ = {
			isa = PBXProject;
			attributes = {
				BuildIndependentTargetsInParallel = YES;
				LastUpgradeCheck = 1430;
				TargetAttributes = {
					00D51DE0F2CEE7EC696DDA7A = {
						DevelopmentTeam = D24ENP83QQ;
						ProvisioningStyle = Automatic;
					};
					BF4325F5E922557960DA80F2 = {
						DevelopmentTeam = D24ENP83QQ;
						ProvisioningStyle = Automatic;
						TestTargetID = 00D51DE0F2CEE7EC696DDA7A;
					};
				};
			};
			buildConfigurationList = 8743686658ED777D0DE2D649 /* Build configuration list for PBXProject "AMSPacking" */;
			developmentRegion = en;
			hasScannedForEncodings = 0;
			knownRegions = (
				Base,
				en,
			);
			mainGroup = E6439097C0B6F92117E38AB1;
			minimizedProjectReferenceProxies = 1;
			packageReferences = (
				785624F7AC12B7503E24F5B0 /* XCLocalSwiftPackageReference "Core" */,
			);
			preferredProjectObjectVersion = 77;
			productRefGroup = 837A3C08EFD803BC99D4013C /* Products */;
			projectDirPath = "";
			projectRoot = "";
			targets = (
				00D51DE0F2CEE7EC696DDA7A /* AMSPacking */,
				BF4325F5E922557960DA80F2 /* AMSPackingUITests */,
			);
		};
/* End PBXProject section */

/* Begin PBXResourcesBuildPhase section */
		54613D25DFF30492CD5C28CB /* Resources */ = {
			isa = PBXResourcesBuildPhase;
			buildActionMask = 2147483647;
			files = (
				7489E41014894218A0EC730E /* Assets.xcassets in Resources */,
			);
			runOnlyForDeploymentPostprocessing = 0;
		};
/* End PBXResourcesBuildPhase section */

/* Begin PBXSourcesBuildPhase section */
		1335F80D57D0D6E21FF55B4A /* Sources */ = {
			isa = PBXSourcesBuildPhase;
			buildActionMask = 2147483647;
			files = (
				467EBA0027C10637FEA9E9B8 /* AMSPackingUITests.swift in Sources */,
			);
			runOnlyForDeploymentPostprocessing = 0;
		};
		56CA30ED374F8F6C9B46BC9E /* Sources */ = {
			isa = PBXSourcesBuildPhase;
			buildActionMask = 2147483647;
			files = (
				65370F8A541FE81A854B9DB4 /* AMSPackingApp.swift in Sources */,
				AF85EC370F9D809E983BE0AF /* ActionsScreen.swift in Sources */,
				F547B210B31D99C35F89FC3E /* BagDetail.swift in Sources */,
				D4F50ECCC88F8FE89A931EFC /* BagsCard.swift in Sources */,
				C02FC3669DC004D8B6C4BBC7 /* BulkChange.swift in Sources */,
				21419C900E931B9CBE73B314 /* BuyList.swift in Sources */,
				C71A0323F1D4E4CFC1A8B0F2 /* CareCalendarView.swift in Sources */,
				BF087815D061CD62456DEDDC /* CareScreen.swift in Sources */,
				B91D523B507CE19FCAC1D86B /* CloudStore.swift in Sources */,
				E26E2B17454694BAA27BDCE1 /* ContainersScreen.swift in Sources */,
				3258A7D9609579F193DF2505 /* DateRangePicker.swift in Sources */,
				8E1AF01FB9C11A59C8A57753 /* EventsScreen.swift in Sources */,
				4D8BC6C9156CCE2B2D8024DA /* FirstRunView.swift in Sources */,
				622AD0B67DC095DE2E934855 /* Forecast.swift in Sources */,
				23460B987C576F673AE6DA2A /* GrabScreen.swift in Sources */,
				111BC4A8834AC71DDE886D32 /* GrabShelfScreen.swift in Sources */,
				39B87583182066477449515D /* GuideScreen.swift in Sources */,
				6A2E2EBA4741768E52BD87B0 /* HomeScreen.swift in Sources */,
				D0D4A2EA2FA240B7D980E71C /* KitDashboard.swift in Sources */,
				B1070E8FEA2D20959B29BA24 /* LibraryModel.swift in Sources */,
				0A6B0C9DBEE6264A11D02837 /* ListsScreen.swift in Sources */,
				CB68D90AEA6B080067EE8BCB /* NewList.swift in Sources */,
				80E3669131BEA0D1C726A660 /* Releases.swift in Sources */,
				D509F70319744E67DEBE955A /* RescueCopies.swift in Sources */,
				8BFE6DA316436719B57AA594 /* RestoreSheet.swift in Sources */,
				09F3E0420C97A7ACAD957284 /* ReviewScreen.swift in Sources */,
				E726D1AAD07CB69C1F102F6A /* RootView.swift in Sources */,
				5547A0181FA977E7AFEB037F /* SVGPath.swift in Sources */,
				C975EB375CF35E51BCE753A4 /* SampleLibrary.swift in Sources */,
				AEC09A016E6CEAD021B5D4C6 /* SearchScreen.swift in Sources */,
				EB766063382A7E2DADC60C89 /* Sections.swift in Sources */,
				B12DB1EFB4C1873E0CF2716B /* SettingsScreen.swift in Sources */,
				A91364AA45735D8C67B4059B /* SmallDelete.swift in Sources */,
				A209E8431750B053EF5BF0C0 /* TableColumns.swift in Sources */,
				A990ED272C2ED09E248E10CA /* TemplatesScreen.swift in Sources */,
				E0C4AB7AAF3294C75C4B5204 /* Theme.swift in Sources */,
				1F41F6F92A8B0D398E72CD7C /* ThingsScreen.swift in Sources */,
				09A4001328DA54940464A34D /* ThingsTable.swift in Sources */,
				0F41CCC6A6FA838132BAE3F9 /* Today.swift in Sources */,
				B0146791FB8C81B41DD6DBFE /* TripScreen.swift in Sources */,
				811DE93961FA9F60010FF93D /* WeatherCard.swift in Sources */,
			);
			runOnlyForDeploymentPostprocessing = 0;
		};
/* End PBXSourcesBuildPhase section */

/* Begin PBXTargetDependency section */
		F9AC9E15A42B2CD1507F6667 /* PBXTargetDependency */ = {
			isa = PBXTargetDependency;
			target = 00D51DE0F2CEE7EC696DDA7A /* AMSPacking */;
			targetProxy = 2613322954AD820AEFAAD8BC /* PBXContainerItemProxy */;
		};
/* End PBXTargetDependency section */

/* Begin XCBuildConfiguration section */
		0033A29424DED360F672BD63 /* Release */ = {
			isa = XCBuildConfiguration;
			buildSettings = {
				BUNDLE_LOADER = "$(TEST_HOST)";
				GENERATE_INFOPLIST_FILE = YES;
				LD_RUNPATH_SEARCH_PATHS = (
					"$(inherited)",
					"@executable_path/Frameworks",
					"@loader_path/Frameworks",
				);
				PRODUCT_BUNDLE_IDENTIFIER = com.schabbauer.AMSPackingUITests;
				SDKROOT = auto;
				SUPPORTED_PLATFORMS = "iphoneos iphonesimulator macosx";
				SUPPORTS_MACCATALYST = NO;
				SUPPORTS_MAC_DESIGNED_FOR_IPHONE_IPAD = NO;
				SUPPORTS_XR_DESIGNED_FOR_IPHONE_IPAD = YES;
				TARGETED_DEVICE_FAMILY = "1,2";
				TEST_TARGET_NAME = AMSPacking;
			};
			name = Release;
		};
		271FB5632F024EA225BDAFB7 /* Debug */ = {
			isa = XCBuildConfiguration;
			buildSettings = {
				BUNDLE_LOADER = "$(TEST_HOST)";
				GENERATE_INFOPLIST_FILE = YES;
				LD_RUNPATH_SEARCH_PATHS = (
					"$(inherited)",
					"@executable_path/Frameworks",
					"@loader_path/Frameworks",
				);
				PRODUCT_BUNDLE_IDENTIFIER = com.schabbauer.AMSPackingUITests;
				SDKROOT = auto;
				SUPPORTED_PLATFORMS = "iphoneos iphonesimulator macosx";
				SUPPORTS_MACCATALYST = NO;
				SUPPORTS_MAC_DESIGNED_FOR_IPHONE_IPAD = NO;
				SUPPORTS_XR_DESIGNED_FOR_IPHONE_IPAD = YES;
				TARGETED_DEVICE_FAMILY = "1,2";
				TEST_TARGET_NAME = AMSPacking;
			};
			name = Debug;
		};
		63A277DCE878E8BA372E5C1B /* Release */ = {
			isa = XCBuildConfiguration;
			buildSettings = {
				ASSETCATALOG_COMPILER_APPICON_NAME = AppIcon;
				ASSETCATALOG_COMPILER_GLOBAL_ACCENT_COLOR_NAME = AccentColor;
				CODE_SIGN_ENTITLEMENTS = App/Config/AMSPacking.entitlements;
				CODE_SIGN_IDENTITY = "iPhone Developer";
				GENERATE_INFOPLIST_FILE = NO;
				INFOPLIST_FILE = App/Config/Info.plist;
				INFOPLIST_KEY_UIApplicationSceneManifest_Generation = NO;
				LD_RUNPATH_SEARCH_PATHS = (
					"$(inherited)",
					"@executable_path/Frameworks",
				);
				PACKING_USES_ICLOUD = NO;
				PRODUCT_BUNDLE_IDENTIFIER = com.schabbauer.AMSPacking;
				SDKROOT = auto;
				SUPPORTED_PLATFORMS = "iphoneos iphonesimulator macosx";
				SUPPORTS_MACCATALYST = NO;
				SUPPORTS_MAC_DESIGNED_FOR_IPHONE_IPAD = NO;
				SUPPORTS_XR_DESIGNED_FOR_IPHONE_IPAD = YES;
				TARGETED_DEVICE_FAMILY = 1;
			};
			name = Release;
		};
		9F52B9D5DE87696BA535D90A /* Debug */ = {
			isa = XCBuildConfiguration;
			buildSettings = {
				ALWAYS_SEARCH_USER_PATHS = NO;
				CLANG_ANALYZER_NONNULL = YES;
				CLANG_ANALYZER_NUMBER_OBJECT_CONVERSION = YES_AGGRESSIVE;
				CLANG_CXX_LANGUAGE_STANDARD = "gnu++14";
				CLANG_CXX_LIBRARY = "libc++";
				CLANG_ENABLE_MODULES = YES;
				CLANG_ENABLE_OBJC_ARC = YES;
				CLANG_ENABLE_OBJC_WEAK = YES;
				CLANG_WARN_BLOCK_CAPTURE_AUTORELEASING = YES;
				CLANG_WARN_BOOL_CONVERSION = YES;
				CLANG_WARN_COMMA = YES;
				CLANG_WARN_CONSTANT_CONVERSION = YES;
				CLANG_WARN_DEPRECATED_OBJC_IMPLEMENTATIONS = YES;
				CLANG_WARN_DIRECT_OBJC_ISA_USAGE = YES_ERROR;
				CLANG_WARN_DOCUMENTATION_COMMENTS = YES;
				CLANG_WARN_EMPTY_BODY = YES;
				CLANG_WARN_ENUM_CONVERSION = YES;
				CLANG_WARN_INFINITE_RECURSION = YES;
				CLANG_WARN_INT_CONVERSION = YES;
				CLANG_WARN_NON_LITERAL_NULL_CONVERSION = YES;
				CLANG_WARN_OBJC_IMPLICIT_RETAIN_SELF = YES;
				CLANG_WARN_OBJC_LITERAL_CONVERSION = YES;
				CLANG_WARN_OBJC_ROOT_CLASS = YES_ERROR;
				CLANG_WARN_QUOTED_INCLUDE_IN_FRAMEWORK_HEADER = YES;
				CLANG_WARN_RANGE_LOOP_ANALYSIS = YES;
				CLANG_WARN_STRICT_PROTOTYPES = YES;
				CLANG_WARN_SUSPICIOUS_MOVE = YES;
				CLANG_WARN_UNGUARDED_AVAILABILITY = YES_AGGRESSIVE;
				CLANG_WARN_UNREACHABLE_CODE = YES;
				CLANG_WARN__DUPLICATE_METHOD_MATCH = YES;
				CODE_SIGN_STYLE = Automatic;
				COPY_PHASE_STRIP = NO;
				CURRENT_PROJECT_VERSION = 2;
				DEBUG_INFORMATION_FORMAT = dwarf;
				DEVELOPMENT_TEAM = D24ENP83QQ;
				ENABLE_STRICT_OBJC_MSGSEND = YES;
				ENABLE_TESTABILITY = YES;
				GCC_C_LANGUAGE_STANDARD = gnu11;
				GCC_DYNAMIC_NO_PIC = NO;
				GCC_NO_COMMON_BLOCKS = YES;
				GCC_OPTIMIZATION_LEVEL = 0;
				GCC_PREPROCESSOR_DEFINITIONS = (
					"$(inherited)",
					"DEBUG=1",
				);
				GCC_WARN_64_TO_32_BIT_CONVERSION = YES;
				GCC_WARN_ABOUT_RETURN_TYPE = YES_ERROR;
				GCC_WARN_UNDECLARED_SELECTOR = YES;
				GCC_WARN_UNINITIALIZED_AUTOS = YES_AGGRESSIVE;
				GCC_WARN_UNUSED_FUNCTION = YES;
				GCC_WARN_UNUSED_VARIABLE = YES;
				IPHONEOS_DEPLOYMENT_TARGET = 18.0;
				MACOSX_DEPLOYMENT_TARGET = 15.0;
				MARKETING_VERSION = 0.26;
				MTL_ENABLE_DEBUG_INFO = INCLUDE_SOURCE;
				MTL_FAST_MATH = YES;
				ONLY_ACTIVE_ARCH = YES;
				PRODUCT_NAME = "$(TARGET_NAME)";
				SDKROOT = auto;
				SWIFT_ACTIVE_COMPILATION_CONDITIONS = DEBUG;
				SWIFT_OPTIMIZATION_LEVEL = "-Onone";
				SWIFT_VERSION = 5.0;
			};
			name = Debug;
		};
		D99C1245564845F2E33DEFE4 /* Debug */ = {
			isa = XCBuildConfiguration;
			buildSettings = {
				ASSETCATALOG_COMPILER_APPICON_NAME = AppIcon;
				ASSETCATALOG_COMPILER_GLOBAL_ACCENT_COLOR_NAME = AccentColor;
				CODE_SIGN_ENTITLEMENTS = App/Config/AMSPacking.entitlements;
				CODE_SIGN_IDENTITY = "iPhone Developer";
				GENERATE_INFOPLIST_FILE = NO;
				INFOPLIST_FILE = App/Config/Info.plist;
				INFOPLIST_KEY_UIApplicationSceneManifest_Generation = NO;
				LD_RUNPATH_SEARCH_PATHS = (
					"$(inherited)",
					"@executable_path/Frameworks",
				);
				PACKING_USES_ICLOUD = NO;
				PRODUCT_BUNDLE_IDENTIFIER = com.schabbauer.AMSPacking;
				SDKROOT = auto;
				SUPPORTED_PLATFORMS = "iphoneos iphonesimulator macosx";
				SUPPORTS_MACCATALYST = NO;
				SUPPORTS_MAC_DESIGNED_FOR_IPHONE_IPAD = NO;
				SUPPORTS_XR_DESIGNED_FOR_IPHONE_IPAD = YES;
				TARGETED_DEVICE_FAMILY = 1;
			};
			name = Debug;
		};
		DF43E22D67CF817DA7C89971 /* Release */ = {
			isa = XCBuildConfiguration;
			buildSettings = {
				ALWAYS_SEARCH_USER_PATHS = NO;
				CLANG_ANALYZER_NONNULL = YES;
				CLANG_ANALYZER_NUMBER_OBJECT_CONVERSION = YES_AGGRESSIVE;
				CLANG_CXX_LANGUAGE_STANDARD = "gnu++14";
				CLANG_CXX_LIBRARY = "libc++";
				CLANG_ENABLE_MODULES = YES;
				CLANG_ENABLE_OBJC_ARC = YES;
				CLANG_ENABLE_OBJC_WEAK = YES;
				CLANG_WARN_BLOCK_CAPTURE_AUTORELEASING = YES;
				CLANG_WARN_BOOL_CONVERSION = YES;
				CLANG_WARN_COMMA = YES;
				CLANG_WARN_CONSTANT_CONVERSION = YES;
				CLANG_WARN_DEPRECATED_OBJC_IMPLEMENTATIONS = YES;
				CLANG_WARN_DIRECT_OBJC_ISA_USAGE = YES_ERROR;
				CLANG_WARN_DOCUMENTATION_COMMENTS = YES;
				CLANG_WARN_EMPTY_BODY = YES;
				CLANG_WARN_ENUM_CONVERSION = YES;
				CLANG_WARN_INFINITE_RECURSION = YES;
				CLANG_WARN_INT_CONVERSION = YES;
				CLANG_WARN_NON_LITERAL_NULL_CONVERSION = YES;
				CLANG_WARN_OBJC_IMPLICIT_RETAIN_SELF = YES;
				CLANG_WARN_OBJC_LITERAL_CONVERSION = YES;
				CLANG_WARN_OBJC_ROOT_CLASS = YES_ERROR;
				CLANG_WARN_QUOTED_INCLUDE_IN_FRAMEWORK_HEADER = YES;
				CLANG_WARN_RANGE_LOOP_ANALYSIS = YES;
				CLANG_WARN_STRICT_PROTOTYPES = YES;
				CLANG_WARN_SUSPICIOUS_MOVE = YES;
				CLANG_WARN_UNGUARDED_AVAILABILITY = YES_AGGRESSIVE;
				CLANG_WARN_UNREACHABLE_CODE = YES;
				CLANG_WARN__DUPLICATE_METHOD_MATCH = YES;
				CODE_SIGN_STYLE = Automatic;
				COPY_PHASE_STRIP = NO;
				CURRENT_PROJECT_VERSION = 2;
				DEBUG_INFORMATION_FORMAT = "dwarf-with-dsym";
				DEVELOPMENT_TEAM = D24ENP83QQ;
				ENABLE_NS_ASSERTIONS = NO;
				ENABLE_STRICT_OBJC_MSGSEND = YES;
				GCC_C_LANGUAGE_STANDARD = gnu11;
				GCC_NO_COMMON_BLOCKS = YES;
				GCC_WARN_64_TO_32_BIT_CONVERSION = YES;
				GCC_WARN_ABOUT_RETURN_TYPE = YES_ERROR;
				GCC_WARN_UNDECLARED_SELECTOR = YES;
				GCC_WARN_UNINITIALIZED_AUTOS = YES_AGGRESSIVE;
				GCC_WARN_UNUSED_FUNCTION = YES;
				GCC_WARN_UNUSED_VARIABLE = YES;
				IPHONEOS_DEPLOYMENT_TARGET = 18.0;
				MACOSX_DEPLOYMENT_TARGET = 15.0;
				MARKETING_VERSION = 0.26;
				MTL_ENABLE_DEBUG_INFO = NO;
				MTL_FAST_MATH = YES;
				PRODUCT_NAME = "$(TARGET_NAME)";
				SDKROOT = auto;
				SWIFT_COMPILATION_MODE = wholemodule;
				SWIFT_OPTIMIZATION_LEVEL = "-O";
				SWIFT_VERSION = 5.0;
			};
			name = Release;
		};
/* End XCBuildConfiguration section */

/* Begin XCConfigurationList section */
		04F262CC3461F84BCF414C3C /* Build configuration list for PBXNativeTarget "AMSPackingUITests" */ = {
			isa = XCConfigurationList;
			buildConfigurations = (
				271FB5632F024EA225BDAFB7 /* Debug */,
				0033A29424DED360F672BD63 /* Release */,
			);
			defaultConfigurationIsVisible = 0;
			defaultConfigurationName = Debug;
		};
		17438BD47A18462E464C35CA /* Build configuration list for PBXNativeTarget "AMSPacking" */ = {
			isa = XCConfigurationList;
			buildConfigurations = (
				D99C1245564845F2E33DEFE4 /* Debug */,
				63A277DCE878E8BA372E5C1B /* Release */,
			);
			defaultConfigurationIsVisible = 0;
			defaultConfigurationName = Debug;
		};
		8743686658ED777D0DE2D649 /* Build configuration list for PBXProject "AMSPacking" */ = {
			isa = XCConfigurationList;
			buildConfigurations = (
				9F52B9D5DE87696BA535D90A /* Debug */,
				DF43E22D67CF817DA7C89971 /* Release */,
			);
			defaultConfigurationIsVisible = 0;
			defaultConfigurationName = Debug;
		};
/* End XCConfigurationList section */

/* Begin XCLocalSwiftPackageReference section */
		785624F7AC12B7503E24F5B0 /* XCLocalSwiftPackageReference "Core" */ = {
			isa = XCLocalSwiftPackageReference;
			relativePath = Core;
		};
/* End XCLocalSwiftPackageReference section */

/* Begin XCSwiftPackageProductDependency section */
		00FE6A96F5083A4802B251C6 /* PackingLibrary */ = {
			isa = XCSwiftPackageProductDependency;
			productName = PackingLibrary;
		};
		70431786B7003CDABC1162E4 /* PackingCore */ = {
			isa = XCSwiftPackageProductDependency;
			productName = PackingCore;
		};
/* End XCSwiftPackageProductDependency section */
	};
	rootObject = 4110523AB54047158FA9D176 /* Project object */;
}
